// !$*UTF8*$!
{
	archiveVersion = 1;
	classes = {
	};
	objectVersion = 77;
	objects = {

/* Begin PBXBuildFile section */
		13B07FBF1A68108700A75B9A /* Images.xcassets in Resources */ = {isa = PBXBuildFile; fileRef = 13B07FB51A68108700A75B9A /* Images.xcassets */; };
		265FFD952E5DEE6700025CE7 /* route.gpx in Resources */ = {isa = PBXBuildFile; fileRef = 265FFD942E5DEE6700025CE7 /* route.gpx */; };
		266E01BF2DD71FB200ED8A77 /* GoogleService-Info.plist in Resources */ = {isa = PBXBuildFile; fileRef = 266E01BE2DD71FB200ED8A77 /* GoogleService-Info.plist */; };
		26774EED2E812E0000F1FC41 /* ShareExtension.appex in Embed Foundation Extensions */ = {isa = PBXBuildFile; fileRef = 26774EE32E812E0000F1FC41 /* ShareExtension.appex */; settings = {ATTRIBUTES = (RemoveHeadersOnCopy, ); }; };
		26EE349E2DC9D8350049EDBE /* GoogleService-Info.plist in Resources */ = {isa = PBXBuildFile; fileRef = 26EE349D2DC9D8350049EDBE /* GoogleService-Info.plist */; };
		26EE34F02DC9DCE50049EDBE /* FontAwesome6_Brands.ttf in Resources */ = {isa = PBXBuildFile; fileRef = 26EE34DD2DC9DCE50049EDBE /* FontAwesome6_Brands.ttf */; };
		26EE34F12DC9DCE50049EDBE /* Foundation.ttf in Resources */ = {isa = PBXBuildFile; fileRef = 26EE34E22DC9DCE50049EDBE /* Foundation.ttf */; };
		26EE34F22DC9DCE50049EDBE /* Octicons.ttf in Resources */ = {isa = PBXBuildFile; fileRef = 26EE34E62DC9DCE50049EDBE /* Octicons.ttf */; };
		26EE34F32DC9DCE50049EDBE /* Entypo.ttf in Resources */ = {isa = PBXBuildFile; fileRef = 26EE34D62DC9DCE50049EDBE /* Entypo.ttf */; };
		26EE34F42DC9DCE50049EDBE /* Zocial.ttf in Resources */ = {isa = PBXBuildFile; fileRef = 26EE34EE2DC9DCE50049EDBE /* Zocial.ttf */; };
		26EE34F52DC9DCE50049EDBE /* Feather.ttf in Resources */ = {isa = PBXBuildFile; fileRef = 26EE34D82DC9DCE50049EDBE /* Feather.ttf */; };
		26EE34F62DC9DCE50049EDBE /* Poppins-Medium.ttf in Resources */ = {isa = PBXBuildFile; fileRef = 26EE34EA2DC9DCE50049EDBE /* Poppins-Medium.ttf */; };
		26EE34F72DC9DCE50049EDBE /* Ionicons.ttf in Resources */ = {isa = PBXBuildFile; fileRef = 26EE34E32DC9DCE50049EDBE /* Ionicons.ttf */; };
		26EE34F82DC9DCE50049EDBE /* SimpleLineIcons.ttf in Resources */ = {isa = PBXBuildFile; fileRef = 26EE34ED2DC9DCE50049EDBE /* SimpleLineIcons.ttf */; };
		26EE34F92DC9DCE50049EDBE /* MaterialCommunityIcons.ttf in Resources */ = {isa = PBXBuildFile; fileRef = 26EE34E42DC9DCE50049EDBE /* MaterialCommunityIcons.ttf */; };
		26EE34FA2DC9DCE50049EDBE /* FontAwesome5_Brands.ttf in Resources */ = {isa = PBXBuildFile; fileRef = 26EE34DA2DC9DCE50049EDBE /* FontAwesome5_Brands.ttf */; };
		26EE34FB2DC9DCE50049EDBE /* EvilIcons.ttf in Resources */ = {isa = PBXBuildFile; fileRef = 26EE34D72DC9DCE50049EDBE /* EvilIcons.ttf */; };
		26EE34FC2DC9DCE50049EDBE /* FontAwesome6_Solid.ttf in Resources */ = {isa = PBXBuildFile; fileRef = 26EE34DF2DC9DCE50049EDBE /* FontAwesome6_Solid.ttf */; };
		26EE34FD2DC9DCE50049EDBE /* FontAwesome.ttf in Resources */ = {isa = PBXBuildFile; fileRef = 26EE34D92DC9DCE50049EDBE /* FontAwesome.ttf */; };
		26EE34FE2DC9DCE50049EDBE /* Poppins-Light.ttf in Resources */ = {isa = PBXBuildFile; fileRef = 26EE34E92DC9DCE50049EDBE /* Poppins-Light.ttf */; };
		26EE34FF2DC9DCE50049EDBE /* Poppins-Bold.ttf in Resources */ = {isa = PBXBuildFile; fileRef = 26EE34E72DC9DCE50049EDBE /* Poppins-Bold.ttf */; };
		26EE35002DC9DCE50049EDBE /* Fontisto.ttf in Resources */ = {isa = PBXBuildFile; fileRef = 26EE34E12DC9DCE50049EDBE /* Fontisto.ttf */; };
		26EE35012DC9DCE50049EDBE /* Poppins-Regular.ttf in Resources */ = {isa = PBXBuildFile; fileRef = 26EE34EB2DC9DCE50049EDBE /* Poppins-Regular.ttf */; };
		26EE35022DC9DCE50049EDBE /* FontAwesome6_Regular.ttf in Resources */ = {isa = PBXBuildFile; fileRef = 26EE34DE2DC9DCE50049EDBE /* FontAwesome6_Regular.ttf */; };
		26EE35032DC9DCE50049EDBE /* AntDesign.ttf in Resources */ = {isa = PBXBuildFile; fileRef = 26EE34D52DC9DCE50049EDBE /* AntDesign.ttf */; };
		26EE35042DC9DCE50049EDBE /* Poppins-ExtraLight.ttf in Resources */ = {isa = PBXBuildFile; fileRef = 26EE34E82DC9DCE50049EDBE /* Poppins-ExtraLight.ttf */; };
		26EE35052DC9DCE50049EDBE /* FontAwesome5_Solid.ttf in Resources */ = {isa = PBXBuildFile; fileRef = 26EE34DC2DC9DCE50049EDBE /* FontAwesome5_Solid.ttf */; };
		26EE35062DC9DCE50049EDBE /* Poppins-SemiBold.ttf in Resources */ = {isa = PBXBuildFile; fileRef = 26EE34EC2DC9DCE50049EDBE /* Poppins-SemiBold.ttf */; };
		26EE35072DC9DCE50049EDBE /* MaterialIcons.ttf in Resources */ = {isa = PBXBuildFile; fileRef = 26EE34E52DC9DCE50049EDBE /* MaterialIcons.ttf */; };
		26EE35082DC9DCE50049EDBE /* FontAwesome5_Regular.ttf in Resources */ = {isa = PBXBuildFile; fileRef = 26EE34DB2DC9DCE50049EDBE /* FontAwesome5_Regular.ttf */; };
		26EE35092DC9DCE50049EDBE /* FontFamily.js in Resources */ = {isa = PBXBuildFile; fileRef = 26EE34E02DC9DCE50049EDBE /* FontFamily.js */; };
		761780ED2CA45674006654EE /* AppDelegate.swift in Sources */ = {isa = PBXBuildFile; fileRef = 761780EC2CA45674006654EE /* AppDelegate.swift */; };
		81AB9BB82411601600AC10FF /* LaunchScreen.storyboard in Resources */ = {isa = PBXBuildFile; fileRef = 81AB9BB72411601600AC10FF /* LaunchScreen.storyboard */; };
		A6D7E4D0B73C11CA73F9D4E2 /* PrivacyInfo.xcprivacy in Resources */ = {isa = PBXBuildFile; fileRef = 13B07FB81A68108700A75B9A /* PrivacyInfo.xcprivacy */; };
/* End PBXBuildFile section */

/* Begin PBXContainerItemProxy section */
		265866022E01231E00CE0852 /* PBXContainerItemProxy */ = {
			isa = PBXContainerItemProxy;
			containerPortal = 265865FE2E01231D00CE0852 /* RNTextDetector.xcodeproj */;
			proxyType = 2;
			remoteGlobalIDString = 134814201AA4EA6300B7C361;
			remoteInfo = RNTextDetector;
		};
		266760E32DD1D74C00F57A44 /* PBXContainerItemProxy */ = {
			isa = PBXContainerItemProxy;
			containerPortal = 266760DF2DD1D74C00F57A44 /* AirMaps.xcodeproj */;
			proxyType = 2;
			remoteGlobalIDString = 11FA5C511C4A1296003AC2EE;
			remoteInfo = AirMaps;
		};
		26774EEB2E812E0000F1FC41 /* PBXContainerItemProxy */ = {
			isa = PBXContainerItemProxy;
			containerPortal = 83CBB9F71A601CBA00E9B192 /* Project object */;
			proxyType = 1;
			remoteGlobalIDString = 26774EE22E812E0000F1FC41;
			remoteInfo = ShareExtension;
		};
/* End PBXContainerItemProxy section */

/* Begin PBXCopyFilesBuildPhase section */
		262A3D052E7C471D008E7BCB /* Embed Foundation Extensions */ = {
			isa = PBXCopyFilesBuildPhase;
			buildActionMask = 2147483647;
			dstPath = "";
			dstSubfolderSpec = 13;
			files = (
				26774EED2E812E0000F1FC41 /* ShareExtension.appex in Embed Foundation Extensions */,
			);
			name = "Embed Foundation Extensions";
			runOnlyForDeploymentPostprocessing = 0;
		};
/* End PBXCopyFilesBuildPhase section */

/* Begin PBXFileReference section */
		13B07F961A680F5B00A75B9A /* Retyrn.app */ = {isa = PBXFileReference; explicitFileType = wrapper.application; includeInIndex = 0; path = Retyrn.app; sourceTree = BUILT_PRODUCTS_DIR; };
		13B07FB51A68108700A75B9A /* Images.xcassets */ = {isa = PBXFileReference; lastKnownFileType = folder.assetcatalog; name = Images.xcassets; path = Retyrn/Images.xcassets; sourceTree = "<group>"; };
		13B07FB61A68108700A75B9A /* Info.plist */ = {isa = PBXFileReference; fileEncoding = 4; lastKnownFileType = text.plist.xml; name = Info.plist; path = Retyrn/Info.plist; sourceTree = "<group>"; };
		13B07FB81A68108700A75B9A /* PrivacyInfo.xcprivacy */ = {isa = PBXFileReference; fileEncoding = 4; lastKnownFileType = text.plist.xml; name = PrivacyInfo.xcprivacy; path = Retyrn/PrivacyInfo.xcprivacy; sourceTree = "<group>"; };
		2628ACC22DCDDBF100C0E0B8 /* Retyrn.entitlements */ = {isa = PBXFileReference; lastKnownFileType = text.plist.entitlements; name = Retyrn.entitlements; path = Retyrn/Retyrn.entitlements; sourceTree = "<group>"; };
		265865FE2E01231D00CE0852 /* RNTextDetector.xcodeproj */ = {isa = PBXFileReference; lastKnownFileType = "wrapper.pb-project"; name = RNTextDetector.xcodeproj; path = "../node_modules/rn-text-detector/ios/RNTextDetector.xcodeproj"; sourceTree = "<group>"; };
		265FFD942E5DEE6700025CE7 /* route.gpx */ = {isa = PBXFileReference; lastKnownFileType = text.xml; path = route.gpx; sourceTree = "<group>"; };
		266760DC2DD1D70A00F57A44 /* Retyrn.xcodeproj */ = {isa = PBXFileReference; lastKnownFileType = "wrapper.pb-project"; path = Retyrn.xcodeproj; sourceTree = "<group>"; };
		266760DF2DD1D74C00F57A44 /* AirMaps.xcodeproj */ = {isa = PBXFileReference; lastKnownFileType = "wrapper.pb-project"; name = AirMaps.xcodeproj; path = "../node_modules/react-native-maps/ios/AirMaps.xcodeproj"; sourceTree = "<group>"; };
		266E01BE2DD71FB200ED8A77 /* GoogleService-Info.plist */ = {isa = PBXFileReference; lastKnownFileType = text.plist.xml; path = "GoogleService-Info.plist"; sourceTree = "<group>"; };
		267144D02DD1CEB500F12790 /* libGoogle-Maps-iOS-Utils.a */ = {isa = PBXFileReference; explicitFileType = archive.ar; path = "libGoogle-Maps-iOS-Utils.a"; sourceTree = BUILT_PRODUCTS_DIR; };
		267144D22DD1CEB500F12790 /* libReact-Mapbuffer.a */ = {isa = PBXFileReference; explicitFileType = archive.ar; path = "libReact-Mapbuffer.a"; sourceTree = BUILT_PRODUCTS_DIR; };
		267144D42DD1CEB500F12790 /* libreact-native-maps.a */ = {isa = PBXFileReference; explicitFileType = archive.ar; path = "libreact-native-maps.a"; sourceTree = BUILT_PRODUCTS_DIR; };
		26774EE32E812E0000F1FC41 /* ShareExtension.appex */ = {isa = PBXFileReference; explicitFileType = "wrapper.app-extension"; includeInIndex = 0; path = ShareExtension.appex; sourceTree = BUILT_PRODUCTS_DIR; };
		269BCD3B2E7D92A1001334F3 /* libRNShareMenu.a */ = {isa = PBXFileReference; explicitFileType = archive.ar; path = libRNShareMenu.a; sourceTree = BUILT_PRODUCTS_DIR; };
		269BCD422E7D948F001334F3 /* libRNShareMenu.a */ = {isa = PBXFileReference; explicitFileType = archive.ar; path = libRNShareMenu.a; sourceTree = BUILT_PRODUCTS_DIR; };
		26C094212DD1B2E30021835F /* libreact-native-maps.a */ = {isa = PBXFileReference; explicitFileType = archive.ar; path = "libreact-native-maps.a"; sourceTree = BUILT_PRODUCTS_DIR; };
		26EE349D2DC9D8350049EDBE /* GoogleService-Info.plist */ = {isa = PBXFileReference; lastKnownFileType = text.plist.xml; path = "GoogleService-Info.plist"; sourceTree = "<group>"; };
		26EE34A12DC9DBD10049EDBE /* FontAwesome5_Regular.ttf */ = {isa = PBXFileReference; lastKnownFileType = file; name = FontAwesome5_Regular.ttf; path = ../src/assets/fonts/FontAwesome5_Regular.ttf; sourceTree = "<group>"; };
		26EE34A22DC9DBD10049EDBE /* Poppins-Regular.ttf */ = {isa = PBXFileReference; lastKnownFileType = file; name = "Poppins-Regular.ttf"; path = "../src/assets/fonts/Poppins-Regular.ttf"; sourceTree = "<group>"; };
		26EE34A32DC9DBD10049EDBE /* Poppins-Bold.ttf */ = {isa = PBXFileReference; lastKnownFileType = file; name = "Poppins-Bold.ttf"; path = "../src/assets/fonts/Poppins-Bold.ttf"; sourceTree = "<group>"; };
		26EE34A42DC9DBD10049EDBE /* MaterialCommunityIcons.ttf */ = {isa = PBXFileReference; lastKnownFileType = file; name = MaterialCommunityIcons.ttf; path = ../src/assets/fonts/MaterialCommunityIcons.ttf; sourceTree = "<group>"; };
		26EE34A52DC9DBD10049EDBE /* FontFamily.js */ = {isa = PBXFileReference; lastKnownFileType = sourcecode.javascript; name = FontFamily.js; path = ../src/assets/fonts/FontFamily.js; sourceTree = "<group>"; };
		26EE34A62DC9DBD10049EDBE /* FontAwesome5_Solid.ttf */ = {isa = PBXFileReference; lastKnownFileType = file; name = FontAwesome5_Solid.ttf; path = ../src/assets/fonts/FontAwesome5_Solid.ttf; sourceTree = "<group>"; };
		26EE34A72DC9DBD10049EDBE /* FontAwesome5_Brands.ttf */ = {isa = PBXFileReference; lastKnownFileType = file; name = FontAwesome5_Brands.ttf; path = ../src/assets/fonts/FontAwesome5_Brands.ttf; sourceTree = "<group>"; };
		26EE34A82DC9DBD10049EDBE /* Zocial.ttf */ = {isa = PBXFileReference; lastKnownFileType = file; name = Zocial.ttf; path = ../src/assets/fonts/Zocial.ttf; sourceTree = "<group>"; };
		26EE34A92DC9DBD10049EDBE /* Feather.ttf */ = {isa = PBXFileReference; lastKnownFileType = file; name = Feather.ttf; path = ../src/assets/fonts/Feather.ttf; sourceTree = "<group>"; };
		26EE34AA2DC9DBD10049EDBE /* FontAwesome.ttf */ = {isa = PBXFileReference; lastKnownFileType = file; name = FontAwesome.ttf; path = ../src/assets/fonts/FontAwesome.ttf; sourceTree = "<group>"; };
		26EE34AB2DC9DBD10049EDBE /* Poppins-Medium.ttf */ = {isa = PBXFileReference; lastKnownFileType = file; name = "Poppins-Medium.ttf"; path = "../src/assets/fonts/Poppins-Medium.ttf"; sourceTree = "<group>"; };
		26EE34AC2DC9DBD10049EDBE /* Octicons.ttf */ = {isa = PBXFileReference; lastKnownFileType = file; name = Octicons.ttf; path = ../src/assets/fonts/Octicons.ttf; sourceTree = "<group>"; };
		26EE34AD2DC9DBD10049EDBE /* EvilIcons.ttf */ = {isa = PBXFileReference; lastKnownFileType = file; name = EvilIcons.ttf; path = ../src/assets/fonts/EvilIcons.ttf; sourceTree = "<group>"; };
		26EE34AE2DC9DBD10049EDBE /* FontAwesome6_Solid.ttf */ = {isa = PBXFileReference; lastKnownFileType = file; name = FontAwesome6_Solid.ttf; path = ../src/assets/fonts/FontAwesome6_Solid.ttf; sourceTree = "<group>"; };
		26EE34AF2DC9DBD10049EDBE /* FontAwesome6_Regular.ttf */ = {isa = PBXFileReference; lastKnownFileType = file; name = FontAwesome6_Regular.ttf; path = ../src/assets/fonts/FontAwesome6_Regular.ttf; sourceTree = "<group>"; };
		26EE34B02DC9DBD10049EDBE /* Entypo.ttf */ = {isa = PBXFileReference; lastKnownFileType = file; name = Entypo.ttf; path = ../src/assets/fonts/Entypo.ttf; sourceTree = "<group>"; };
		26EE34B12DC9DBD10049EDBE /* Ionicons.ttf */ = {isa = PBXFileReference; lastKnownFileType = file; name = Ionicons.ttf; path = ../src/assets/fonts/Ionicons.ttf; sourceTree = "<group>"; };
		26EE34B22DC9DBD10049EDBE /* Poppins-ExtraLight.ttf */ = {isa = PBXFileReference; lastKnownFileType = file; name = "Poppins-ExtraLight.ttf"; path = "../src/assets/fonts/Poppins-ExtraLight.ttf"; sourceTree = "<group>"; };
		26EE34B32DC9DBD10049EDBE /* MaterialIcons.ttf */ = {isa = PBXFileReference; lastKnownFileType = file; name = MaterialIcons.ttf; path = ../src/assets/fonts/MaterialIcons.ttf; sourceTree = "<group>"; };
		26EE34B42DC9DBD10049EDBE /* Fontisto.ttf */ = {isa = PBXFileReference; lastKnownFileType = file; name = Fontisto.ttf; path = ../src/assets/fonts/Fontisto.ttf; sourceTree = "<group>"; };
		26EE34B52DC9DBD10049EDBE /* FontAwesome6_Brands.ttf */ = {isa = PBXFileReference; lastKnownFileType = file; name = FontAwesome6_Brands.ttf; path = ../src/assets/fonts/FontAwesome6_Brands.ttf; sourceTree = "<group>"; };
		26EE34B62DC9DBD10049EDBE /* Poppins-Light.ttf */ = {isa = PBXFileReference; lastKnownFileType = file; name = "Poppins-Light.ttf"; path = "../src/assets/fonts/Poppins-Light.ttf"; sourceTree = "<group>"; };
		26EE34B72DC9DBD10049EDBE /* Foundation.ttf */ = {isa = PBXFileReference; lastKnownFileType = file; name = Foundation.ttf; path = ../src/assets/fonts/Foundation.ttf; sourceTree = "<group>"; };
		26EE34B82DC9DBD10049EDBE /* AntDesign.ttf */ = {isa = PBXFileReference; lastKnownFileType = file; name = AntDesign.ttf; path = ../src/assets/fonts/AntDesign.ttf; sourceTree = "<group>"; };
		26EE34B92DC9DBD10049EDBE /* Poppins-SemiBold.ttf */ = {isa = PBXFileReference; lastKnownFileType = file; name = "Poppins-SemiBold.ttf"; path = "../src/assets/fonts/Poppins-SemiBold.ttf"; sourceTree = "<group>"; };
		26EE34BA2DC9DBD10049EDBE /* SimpleLineIcons.ttf */ = {isa = PBXFileReference; lastKnownFileType = file; name = SimpleLineIcons.ttf; path = ../src/assets/fonts/SimpleLineIcons.ttf; sourceTree = "<group>"; };
		26EE34D52DC9DCE50049EDBE /* AntDesign.ttf */ = {isa = PBXFileReference; lastKnownFileType = file; path = AntDesign.ttf; sourceTree = "<group>"; };
		26EE34D62DC9DCE50049EDBE /* Entypo.ttf */ = {isa = PBXFileReference; lastKnownFileType = file; path = Entypo.ttf; sourceTree = "<group>"; };
		26EE34D72DC9DCE50049EDBE /* EvilIcons.ttf */ = {isa = PBXFileReference; lastKnownFileType = file; path = EvilIcons.ttf; sourceTree = "<group>"; };
		26EE34D82DC9DCE50049EDBE /* Feather.ttf */ = {isa = PBXFileReference; lastKnownFileType = file; path = Feather.ttf; sourceTree = "<group>"; };
		26EE34D92DC9DCE50049EDBE /* FontAwesome.ttf */ = {isa = PBXFileReference; lastKnownFileType = file; path = FontAwesome.ttf; sourceTree = "<group>"; };
		26EE34DA2DC9DCE50049EDBE /* FontAwesome5_Brands.ttf */ = {isa = PBXFileReference; lastKnownFileType = file; path = FontAwesome5_Brands.ttf; sourceTree = "<group>"; };
		26EE34DB2DC9DCE50049EDBE /* FontAwesome5_Regular.ttf */ = {isa = PBXFileReference; lastKnownFileType = file; path = FontAwesome5_Regular.ttf; sourceTree = "<group>"; };
		26EE34DC2DC9DCE50049EDBE /* FontAwesome5_Solid.ttf */ = {isa = PBXFileReference; lastKnownFileType = file; path = FontAwesome5_Solid.ttf; sourceTree = "<group>"; };
		26EE34DD2DC9DCE50049EDBE /* FontAwesome6_Brands.ttf */ = {isa = PBXFileReference; lastKnownFileType = file; path = FontAwesome6_Brands.ttf; sourceTree = "<group>"; };
		26EE34DE2DC9DCE50049EDBE /* FontAwesome6_Regular.ttf */ = {isa = PBXFileReference; lastKnownFileType = file; path = FontAwesome6_Regular.ttf; sourceTree = "<group>"; };
		26EE34DF2DC9DCE50049EDBE /* FontAwesome6_Solid.ttf */ = {isa = PBXFileReference; lastKnownFileType = file; path = FontAwesome6_Solid.ttf; sourceTree = "<group>"; };
		26EE34E02DC9DCE50049EDBE /* FontFamily.js */ = {isa = PBXFileReference; lastKnownFileType = sourcecode.javascript; path = FontFamily.js; sourceTree = "<group>"; };
		26EE34E12DC9DCE50049EDBE /* Fontisto.ttf */ = {isa = PBXFileReference; lastKnownFileType = file; path = Fontisto.ttf; sourceTree = "<group>"; };
		26EE34E22DC9DCE50049EDBE /* Foundation.ttf */ = {isa = PBXFileReference; lastKnownFileType = file; path = Foundation.ttf; sourceTree = "<group>"; };
		26EE34E32DC9DCE50049EDBE /* Ionicons.ttf */ = {isa = PBXFileReference; lastKnownFileType = file; path = Ionicons.ttf; sourceTree = "<group>"; };
		26EE34E42DC9DCE50049EDBE /* MaterialCommunityIcons.ttf */ = {isa = PBXFileReference; lastKnownFileType = file; path = MaterialCommunityIcons.ttf; sourceTree = "<group>"; };
		26EE34E52DC9DCE50049EDBE /* MaterialIcons.ttf */ = {isa = PBXFileReference; lastKnownFileType = file; path = MaterialIcons.ttf; sourceTree = "<group>"; };
		26EE34E62DC9DCE50049EDBE /* Octicons.ttf */ = {isa = PBXFileReference; lastKnownFileType = file; path = Octicons.ttf; sourceTree = "<group>"; };
		26EE34E72DC9DCE50049EDBE /* Poppins-Bold.ttf */ = {isa = PBXFileReference; lastKnownFileType = file; path = "Poppins-Bold.ttf"; sourceTree = "<group>"; };
		26EE34E82DC9DCE50049EDBE /* Poppins-ExtraLight.ttf */ = {isa = PBXFileReference; lastKnownFileType = file; path = "Poppins-ExtraLight.ttf"; sourceTree = "<group>"; };
		26EE34E92DC9DCE50049EDBE /* Poppins-Light.ttf */ = {isa = PBXFileReference; lastKnownFileType = file; path = "Poppins-Light.ttf"; sourceTree = "<group>"; };
		26EE34EA2DC9DCE50049EDBE /* Poppins-Medium.ttf */ = {isa = PBXFileReference; lastKnownFileType = file; path = "Poppins-Medium.ttf"; sourceTree = "<group>"; };
		26EE34EB2DC9DCE50049EDBE /* Poppins-Regular.ttf */ = {isa = PBXFileReference; lastKnownFileType = file; path = "Poppins-Regular.ttf"; sourceTree = "<group>"; };
		26EE34EC2DC9DCE50049EDBE /* Poppins-SemiBold.ttf */ = {isa = PBXFileReference; lastKnownFileType = file; path = "Poppins-SemiBold.ttf"; sourceTree = "<group>"; };
		26EE34ED2DC9DCE50049EDBE /* SimpleLineIcons.ttf */ = {isa = PBXFileReference; lastKnownFileType = file; path = SimpleLineIcons.ttf; sourceTree = "<group>"; };
		26EE34EE2DC9DCE50049EDBE /* Zocial.ttf */ = {isa = PBXFileReference; lastKnownFileType = file; path = Zocial.ttf; sourceTree = "<group>"; };
		26EFE4CD2DCE3232009B020F /* GoogleMaps.xcframework */ = {isa = PBXFileReference; lastKnownFileType = wrapper.xcframework; name = GoogleMaps.xcframework; path = Pods/GoogleMaps/Maps/Frameworks/GoogleMaps.xcframework; sourceTree = "<group>"; };
		26EFE4CF2DCE3232009B020F /* libGoogle-Maps-iOS-Utils.a */ = {isa = PBXFileReference; explicitFileType = archive.ar; path = "libGoogle-Maps-iOS-Utils.a"; sourceTree = BUILT_PRODUCTS_DIR; };
		26EFE4D12DCE3232009B020F /* libreact-native-maps.a */ = {isa = PBXFileReference; explicitFileType = archive.ar; path = "libreact-native-maps.a"; sourceTree = BUILT_PRODUCTS_DIR; };
		761780EC2CA45674006654EE /* AppDelegate.swift */ = {isa = PBXFileReference; lastKnownFileType = sourcecode.swift; name = AppDelegate.swift; path = Retyrn/AppDelegate.swift; sourceTree = "<group>"; };
		81AB9BB72411601600AC10FF /* LaunchScreen.storyboard */ = {isa = PBXFileReference; fileEncoding = 4; lastKnownFileType = file.storyboard; name = LaunchScreen.storyboard; path = Retyrn/LaunchScreen.storyboard; sourceTree = "<group>"; };
		ED297162215061F000B7C4FE /* JavaScriptCore.framework */ = {isa = PBXFileReference; lastKnownFileType = wrapper.framework; name = JavaScriptCore.framework; path = System/Library/Frameworks/JavaScriptCore.framework; sourceTree = SDKROOT; };
/* End PBXFileReference section */

/* Begin PBXFileSystemSynchronizedBuildFileExceptionSet section */
		26774EEE2E812E0000F1FC41 /* Exceptions for "ShareExtension" folder in "ShareExtension" target */ = {
			isa = PBXFileSystemSynchronizedBuildFileExceptionSet;
			membershipExceptions = (
				Info.plist,
			);
			target = 26774EE22E812E0000F1FC41 /* ShareExtension */;
		};
/* End PBXFileSystemSynchronizedBuildFileExceptionSet section */

/* Begin PBXFileSystemSynchronizedRootGroup section */
		26774EE42E812E0000F1FC41 /* ShareExtension */ = {
			isa = PBXFileSystemSynchronizedRootGroup;
			exceptions = (
				26774EEE2E812E0000F1FC41 /* Exceptions for "ShareExtension" folder in "ShareExtension" target */,
			);
			path = ShareExtension;
			sourceTree = "<group>";
		};
/* End PBXFileSystemSynchronizedRootGroup section */

/* Begin PBXFrameworksBuildPhase section */
		13B07F8C1A680F5B00A75B9A /* Frameworks */ = {
			isa = PBXFrameworksBuildPhase;
			buildActionMask = 2147483647;
			files = (
			);
			runOnlyForDeploymentPostprocessing = 0;
		};
		26774EE02E812E0000F1FC41 /* Frameworks */ = {
			isa = PBXFrameworksBuildPhase;
			buildActionMask = 2147483647;
			files = (
			);
			runOnlyForDeploymentPostprocessing = 0;
		};
/* End PBXFrameworksBuildPhase section */

/* Begin PBXGroup section */
		13B07FAE1A68108700A75B9A /* Retyrn */ = {
			isa = PBXGroup;
			children = (
				265FFD942E5DEE6700025CE7 /* route.gpx */,
				2628ACC22DCDDBF100C0E0B8 /* Retyrn.entitlements */,
				26EE349D2DC9D8350049EDBE /* GoogleService-Info.plist */,
				13B07FB51A68108700A75B9A /* Images.xcassets */,
				761780EC2CA45674006654EE /* AppDelegate.swift */,
				13B07FB61A68108700A75B9A /* Info.plist */,
				81AB9BB72411601600AC10FF /* LaunchScreen.storyboard */,
				13B07FB81A68108700A75B9A /* PrivacyInfo.xcprivacy */,
			);
			name = Retyrn;
			sourceTree = "<group>";
		};
		265865FF2E01231D00CE0852 /* Products */ = {
			isa = PBXGroup;
			children = (
				265866032E01231E00CE0852 /* libRNTextDetector.a */,
			);
			name = Products;
			sourceTree = "<group>";
		};
		266760DD2DD1D70A00F57A44 /* Products */ = {
			isa = PBXGroup;
			children = (
			);
			name = Products;
			sourceTree = "<group>";
		};
		266760E02DD1D74C00F57A44 /* Products */ = {
			isa = PBXGroup;
			children = (
				266760E42DD1D74C00F57A44 /* libAirMaps.a */,
			);
			name = Products;
			sourceTree = "<group>";
		};
		26EE34EF2DC9DCE50049EDBE /* fonts */ = {
			isa = PBXGroup;
			children = (
				26EE34D52DC9DCE50049EDBE /* AntDesign.ttf */,
				26EE34D62DC9DCE50049EDBE /* Entypo.ttf */,
				26EE34D72DC9DCE50049EDBE /* EvilIcons.ttf */,
				26EE34D82DC9DCE50049EDBE /* Feather.ttf */,
				26EE34D92DC9DCE50049EDBE /* FontAwesome.ttf */,
				26EE34DA2DC9DCE50049EDBE /* FontAwesome5_Brands.ttf */,
				26EE34DB2DC9DCE50049EDBE /* FontAwesome5_Regular.ttf */,
				26EE34DC2DC9DCE50049EDBE /* FontAwesome5_Solid.ttf */,
				26EE34DD2DC9DCE50049EDBE /* FontAwesome6_Brands.ttf */,
				26EE34DE2DC9DCE50049EDBE /* FontAwesome6_Regular.ttf */,
				26EE34DF2DC9DCE50049EDBE /* FontAwesome6_Solid.ttf */,
				26EE34E02DC9DCE50049EDBE /* FontFamily.js */,
				26EE34E12DC9DCE50049EDBE /* Fontisto.ttf */,
				26EE34E22DC9DCE50049EDBE /* Foundation.ttf */,
				26EE34E32DC9DCE50049EDBE /* Ionicons.ttf */,
				26EE34E42DC9DCE50049EDBE /* MaterialCommunityIcons.ttf */,
				26EE34E52DC9DCE50049EDBE /* MaterialIcons.ttf */,
				26EE34E62DC9DCE50049EDBE /* Octicons.ttf */,
				26EE34E72DC9DCE50049EDBE /* Poppins-Bold.ttf */,
				26EE34E82DC9DCE50049EDBE /* Poppins-ExtraLight.ttf */,
				26EE34E92DC9DCE50049EDBE /* Poppins-Light.ttf */,
				26EE34EA2DC9DCE50049EDBE /* Poppins-Medium.ttf */,
				26EE34EB2DC9DCE50049EDBE /* Poppins-Regular.ttf */,
				26EE34EC2DC9DCE50049EDBE /* Poppins-SemiBold.ttf */,
				26EE34ED2DC9DCE50049EDBE /* SimpleLineIcons.ttf */,
				26EE34EE2DC9DCE50049EDBE /* Zocial.ttf */,
			);
			path = fonts;
			sourceTree = "<group>";
		};
		2D16E6871FA4F8E400B85C8A /* Frameworks */ = {
			isa = PBXGroup;
			children = (
				269BCD422E7D948F001334F3 /* libRNShareMenu.a */,
				269BCD3B2E7D92A1001334F3 /* libRNShareMenu.a */,
				265865FE2E01231D00CE0852 /* RNTextDetector.xcodeproj */,
				266760DF2DD1D74C00F57A44 /* AirMaps.xcodeproj */,
				266760DC2DD1D70A00F57A44 /* Retyrn.xcodeproj */,
				267144D02DD1CEB500F12790 /* libGoogle-Maps-iOS-Utils.a */,
				267144D22DD1CEB500F12790 /* libReact-Mapbuffer.a */,
				267144D42DD1CEB500F12790 /* libreact-native-maps.a */,
				26C094212DD1B2E30021835F /* libreact-native-maps.a */,
				26EFE4CD2DCE3232009B020F /* GoogleMaps.xcframework */,
				26EFE4CF2DCE3232009B020F /* libGoogle-Maps-iOS-Utils.a */,
				26EFE4D12DCE3232009B020F /* libreact-native-maps.a */,
				26EE34B82DC9DBD10049EDBE /* AntDesign.ttf */,
				26EE34B02DC9DBD10049EDBE /* Entypo.ttf */,
				26EE34AD2DC9DBD10049EDBE /* EvilIcons.ttf */,
				26EE34A92DC9DBD10049EDBE /* Feather.ttf */,
				26EE34AA2DC9DBD10049EDBE /* FontAwesome.ttf */,
				26EE34A72DC9DBD10049EDBE /* FontAwesome5_Brands.ttf */,
				26EE34A12DC9DBD10049EDBE /* FontAwesome5_Regular.ttf */,
				26EE34A62DC9DBD10049EDBE /* FontAwesome5_Solid.ttf */,
				26EE34B52DC9DBD10049EDBE /* FontAwesome6_Brands.ttf */,
				26EE34AF2DC9DBD10049EDBE /* FontAwesome6_Regular.ttf */,
				26EE34AE2DC9DBD10049EDBE /* FontAwesome6_Solid.ttf */,
				26EE34A52DC9DBD10049EDBE /* FontFamily.js */,
				26EE34B42DC9DBD10049EDBE /* Fontisto.ttf */,
				26EE34B72DC9DBD10049EDBE /* Foundation.ttf */,
				26EE34B12DC9DBD10049EDBE /* Ionicons.ttf */,
				26EE34A42DC9DBD10049EDBE /* MaterialCommunityIcons.ttf */,
				26EE34B32DC9DBD10049EDBE /* MaterialIcons.ttf */,
				26EE34AC2DC9DBD10049EDBE /* Octicons.ttf */,
				26EE34A32DC9DBD10049EDBE /* Poppins-Bold.ttf */,
				26EE34B22DC9DBD10049EDBE /* Poppins-ExtraLight.ttf */,
				26EE34B62DC9DBD10049EDBE /* Poppins-Light.ttf */,
				26EE34AB2DC9DBD10049EDBE /* Poppins-Medium.ttf */,
				26EE34A22DC9DBD10049EDBE /* Poppins-Regular.ttf */,
				26EE34B92DC9DBD10049EDBE /* Poppins-SemiBold.ttf */,
				26EE34BA2DC9DBD10049EDBE /* SimpleLineIcons.ttf */,
				26EE34A82DC9DBD10049EDBE /* Zocial.ttf */,
				ED297162215061F000B7C4FE /* JavaScriptCore.framework */,
			);
			name = Frameworks;
			sourceTree = "<group>";
		};
		832341AE1AAA6A7D00B99B32 /* Libraries */ = {
			isa = PBXGroup;
			children = (
			);
			name = Libraries;
			sourceTree = "<group>";
		};
		83CBB9F61A601CBA00E9B192 = {
			isa = PBXGroup;
			children = (
				266E01BE2DD71FB200ED8A77 /* GoogleService-Info.plist */,
				26EE34EF2DC9DCE50049EDBE /* fonts */,
				13B07FAE1A68108700A75B9A /* Retyrn */,
				832341AE1AAA6A7D00B99B32 /* Libraries */,
				26774EE42E812E0000F1FC41 /* ShareExtension */,
				83CBBA001A601CBA00E9B192 /* Products */,
				2D16E6871FA4F8E400B85C8A /* Frameworks */,
				BBD78D7AC51CEA395F1C20DB /* Pods */,
			);
			indentWidth = 2;
			sourceTree = "<group>";
			tabWidth = 2;
			usesTabs = 0;
		};
		83CBBA001A601CBA00E9B192 /* Products */ = {
			isa = PBXGroup;
			children = (
				13B07F961A680F5B00A75B9A /* Retyrn.app */,
				26774EE32E812E0000F1FC41 /* ShareExtension.appex */,
			);
			name = Products;
			sourceTree = "<group>";
		};
		BBD78D7AC51CEA395F1C20DB /* Pods */ = {
			isa = PBXGroup;
			children = (
			);
			path = Pods;
			sourceTree = "<group>";
		};
/* End PBXGroup section */

/* Begin PBXNativeTarget section */
		13B07F861A680F5B00A75B9A /* Retyrn */ = {
			isa = PBXNativeTarget;
			buildConfigurationList = 13B07F931A680F5B00A75B9A /* Build configuration list for PBXNativeTarget "Retyrn" */;
			buildPhases = (
				13B07F871A680F5B00A75B9A /* Sources */,
				13B07F8C1A680F5B00A75B9A /* Frameworks */,
				13B07F8E1A680F5B00A75B9A /* Resources */,
				00DD1BFF1BD5951E006B06BC /* Bundle React Native code and images */,
				262A3D052E7C471D008E7BCB /* Embed Foundation Extensions */,
			);
			buildRules = (
			);
			dependencies = (
				26774EEC2E812E0000F1FC41 /* PBXTargetDependency */,
			);
			name = Retyrn;
			productName = Retyrn;
			productReference = 13B07F961A680F5B00A75B9A /* Retyrn.app */;
			productType = "com.apple.product-type.application";
		};
		26774EE22E812E0000F1FC41 /* ShareExtension */ = {
			isa = PBXNativeTarget;
			buildConfigurationList = 26774EEF2E812E0000F1FC41 /* Build configuration list for PBXNativeTarget "ShareExtension" */;
			buildPhases = (
				26774EDF2E812E0000F1FC41 /* Sources */,
				26774EE02E812E0000F1FC41 /* Frameworks */,
				26774EE12E812E0000F1FC41 /* Resources */,
			);
			buildRules = (
			);
			dependencies = (
			);
			fileSystemSynchronizedGroups = (
				26774EE42E812E0000F1FC41 /* ShareExtension */,
			);
			name = ShareExtension;
			productName = ShareExtension;
			productReference = 26774EE32E812E0000F1FC41 /* ShareExtension.appex */;
			productType = "com.apple.product-type.app-extension";
		};
/* End PBXNativeTarget section */

/* Begin PBXProject section */
		83CBB9F71A601CBA00E9B192 /* Project object */ = {
			isa = PBXProject;
			attributes = {
				LastSwiftUpdateCheck = 1630;
				LastUpgradeCheck = 1210;
				TargetAttributes = {
					13B07F861A680F5B00A75B9A = {
						LastSwiftMigration = 1120;
					};
					26774EE22E812E0000F1FC41 = {
						CreatedOnToolsVersion = 16.3;
						LastSwiftMigration = 1630;
					};
				};
			};
			buildConfigurationList = 83CBB9FA1A601CBA00E9B192 /* Build configuration list for PBXProject "Retyrn" */;
			developmentRegion = en;
			hasScannedForEncodings = 0;
			knownRegions = (
				en,
				Base,
			);
			mainGroup = 83CBB9F61A601CBA00E9B192;
			preferredProjectObjectVersion = 77;
			productRefGroup = 83CBBA001A601CBA00E9B192 /* Products */;
			projectDirPath = "";
			projectReferences = (
				{
					ProductGroup = 266760E02DD1D74C00F57A44 /* Products */;
					ProjectRef = 266760DF2DD1D74C00F57A44 /* AirMaps.xcodeproj */;
				},
				{
					ProductGroup = 266760DD2DD1D70A00F57A44 /* Products */;
					ProjectRef = 266760DC2DD1D70A00F57A44 /* Retyrn.xcodeproj */;
				},
				{
					ProductGroup = 265865FF2E01231D00CE0852 /* Products */;
					ProjectRef = 265865FE2E01231D00CE0852 /* RNTextDetector.xcodeproj */;
				},
			);
			projectRoot = "";
			targets = (
				13B07F861A680F5B00A75B9A /* Retyrn */,
				26774EE22E812E0000F1FC41 /* ShareExtension */,
			);
		};
/* End PBXProject section */

/* Begin PBXReferenceProxy section */
		265866032E01231E00CE0852 /* libRNTextDetector.a */ = {
			isa = PBXReferenceProxy;
			fileType = archive.ar;
			path = libRNTextDetector.a;
			remoteRef = 265866022E01231E00CE0852 /* PBXContainerItemProxy */;
			sourceTree = BUILT_PRODUCTS_DIR;
		};
		266760E42DD1D74C00F57A44 /* libAirMaps.a */ = {
			isa = PBXReferenceProxy;
			fileType = archive.ar;
			path = libAirMaps.a;
			remoteRef = 266760E32DD1D74C00F57A44 /* PBXContainerItemProxy */;
			sourceTree = BUILT_PRODUCTS_DIR;
		};
/* End PBXReferenceProxy section */

/* Begin PBXResourcesBuildPhase section */
		13B07F8E1A680F5B00A75B9A /* Resources */ = {
			isa = PBXResourcesBuildPhase;
			buildActionMask = 2147483647;
			files = (
				81AB9BB82411601600AC10FF /* LaunchScreen.storyboard in Resources */,
				26EE349E2DC9D8350049EDBE /* GoogleService-Info.plist in Resources */,
				13B07FBF1A68108700A75B9A /* Images.xcassets in Resources */,
				26EE34F02DC9DCE50049EDBE /* FontAwesome6_Brands.ttf in Resources */,
				26EE34F12DC9DCE50049EDBE /* Foundation.ttf in Resources */,
				26EE34F22DC9DCE50049EDBE /* Octicons.ttf in Resources */,
				26EE34F32DC9DCE50049EDBE /* Entypo.ttf in Resources */,
				26EE34F42DC9DCE50049EDBE /* Zocial.ttf in Resources */,
				26EE34F52DC9DCE50049EDBE /* Feather.ttf in Resources */,
				26EE34F62DC9DCE50049EDBE /* Poppins-Medium.ttf in Resources */,
				26EE34F72DC9DCE50049EDBE /* Ionicons.ttf in Resources */,
				26EE34F82DC9DCE50049EDBE /* SimpleLineIcons.ttf in Resources */,
				26EE34F92DC9DCE50049EDBE /* MaterialCommunityIcons.ttf in Resources */,
				26EE34FA2DC9DCE50049EDBE /* FontAwesome5_Brands.ttf in Resources */,
				26EE34FB2DC9DCE50049EDBE /* EvilIcons.ttf in Resources */,
				266E01BF2DD71FB200ED8A77 /* GoogleService-Info.plist in Resources */,
				26EE34FC2DC9DCE50049EDBE /* FontAwesome6_Solid.ttf in Resources */,
				26EE34FD2DC9DCE50049EDBE /* FontAwesome.ttf in Resources */,
				26EE34FE2DC9DCE50049EDBE /* Poppins-Light.ttf in Resources */,
				26EE34FF2DC9DCE50049EDBE /* Poppins-Bold.ttf in Resources */,
				26EE35002DC9DCE50049EDBE /* Fontisto.ttf in Resources */,
				265FFD952E5DEE6700025CE7 /* route.gpx in Resources */,
				26EE35012DC9DCE50049EDBE /* Poppins-Regular.ttf in Resources */,
				26EE35022DC9DCE50049EDBE /* FontAwesome6_Regular.ttf in Resources */,
				26EE35032DC9DCE50049EDBE /* AntDesign.ttf in Resources */,
				26EE35042DC9DCE50049EDBE /* Poppins-ExtraLight.ttf in Resources */,
				26EE35052DC9DCE50049EDBE /* FontAwesome5_Solid.ttf in Resources */,
				26EE35062DC9DCE50049EDBE /* Poppins-SemiBold.ttf in Resources */,
				26EE35072DC9DCE50049EDBE /* MaterialIcons.ttf in Resources */,
				26EE35082DC9DCE50049EDBE /* FontAwesome5_Regular.ttf in Resources */,
				26EE35092DC9DCE50049EDBE /* FontFamily.js in Resources */,
				A6D7E4D0B73C11CA73F9D4E2 /* PrivacyInfo.xcprivacy in Resources */,
			);
			runOnlyForDeploymentPostprocessing = 0;
		};
		26774EE12E812E0000F1FC41 /* Resources */ = {
			isa = PBXResourcesBuildPhase;
			buildActionMask = 2147483647;
			files = (
			);
			runOnlyForDeploymentPostprocessing = 0;
		};
/* End PBXResourcesBuildPhase section */

/* Begin PBXShellScriptBuildPhase section */
		00DD1BFF1BD5951E006B06BC /* Bundle React Native code and images */ = {
			isa = PBXShellScriptBuildPhase;
			buildActionMask = 2147483647;
			files = (
			);
			inputPaths = (
				"$(SRCROOT)/.xcode.env.local",
				"$(SRCROOT)/.xcode.env",
			);
			name = "Bundle React Native code and images";
			outputPaths = (
			);
			runOnlyForDeploymentPostprocessing = 0;
			shellPath = /bin/sh;
			shellScript = "set -e\n\nWITH_ENVIRONMENT=\"$REACT_NATIVE_PATH/scripts/xcode/with-environment.sh\"\nREACT_NATIVE_XCODE=\"$REACT_NATIVE_PATH/scripts/react-native-xcode.sh\"\n\n/bin/sh -c \"$WITH_ENVIRONMENT $REACT_NATIVE_XCODE\"\n";
		};
/* End PBXShellScriptBuildPhase section */

/* Begin PBXSourcesBuildPhase section */
		13B07F871A680F5B00A75B9A /* Sources */ = {
			isa = PBXSourcesBuildPhase;
			buildActionMask = 2147483647;
			files = (
				761780ED2CA45674006654EE /* AppDelegate.swift in Sources */,
			);
			runOnlyForDeploymentPostprocessing = 0;
		};
		26774EDF2E812E0000F1FC41 /* Sources */ = {
			isa = PBXSourcesBuildPhase;
			buildActionMask = 2147483647;
			files = (
			);
			runOnlyForDeploymentPostprocessing = 0;
		};
/* End PBXSourcesBuildPhase section */

/* Begin PBXTargetDependency section */
		26774EEC2E812E0000F1FC41 /* PBXTargetDependency */ = {
			isa = PBXTargetDependency;
			target = 26774EE22E812E0000F1FC41 /* ShareExtension */;
			targetProxy = 26774EEB2E812E0000F1FC41 /* PBXContainerItemProxy */;
		};
/* End PBXTargetDependency section */

/* Begin XCBuildConfiguration section */
		13B07F941A680F5B00A75B9A /* Debug */ = {
			isa = XCBuildConfiguration;
			buildSettings = {
				ASSETCATALOG_COMPILER_APPICON_NAME = AppIcon;
				CLANG_ALLOW_NON_MODULAR_INCLUDES_IN_FRAMEWORK_MODULES = YES;
				CLANG_ENABLE_MODULES = YES;
				CLANG_WARN_EMPTY_BODY = NO;
				CODE_SIGN_ENTITLEMENTS = Retyrn/Retyrn.entitlements;
				CODE_SIGN_IDENTITY = "Apple Development";
				CODE_SIGN_STYLE = Automatic;
				CURRENT_PROJECT_VERSION = 6;
				DEVELOPMENT_TEAM = X39KNUXKF3;
				ENABLE_BITCODE = NO;
				GCC_PREPROCESSOR_DEFINITIONS = (
					"$(inherited)",
					"COCOAPODS=1",
					"$(inherited)",
					"SD_WEBP=1",
					"$(inherited)",
					"PB_FIELD_32BIT=1",
					"PB_NO_PACKED_STRUCTS=1",
					"PB_ENABLE_MALLOC=1",
					"HAVE_GOOGLE_MAPS=1",
				);
				HEADER_SEARCH_PATHS = (
					"$(inherited)",
					"\"${PODS_ROOT}/Headers/Public\"",
					"\"${PODS_ROOT}/Headers/Public/BVLinearGradient\"",
					"\"${PODS_ROOT}/Headers/Public/DoubleConversion\"",
					"\"${PODS_ROOT}/Headers/Public/FBLazyVector\"",
					"\"${PODS_ROOT}/Headers/Public/Firebase\"",
					"\"${PODS_ROOT}/Headers/Public/FirebaseCore\"",
					"\"${PODS_ROOT}/Headers/Public/FirebaseCoreExtension\"",
					"\"${PODS_ROOT}/Headers/Public/FirebaseInstallations\"",
					"\"${PODS_ROOT}/Headers/Public/FirebaseMessaging\"",
					"\"${PODS_ROOT}/Headers/Public/Google-Maps-iOS-Utils\"",
					"\"${PODS_ROOT}/Headers/Public/GoogleDataTransport\"",
					"\"${PODS_ROOT}/Headers/Public/GoogleMaps\"",
					"\"${PODS_ROOT}/Headers/Public/GoogleUtilities\"",
					"\"${PODS_ROOT}/Headers/Public/PromisesObjC\"",
					"\"${PODS_ROOT}/Headers/Public/RCT-Folly\"",
					"\"${PODS_ROOT}/Headers/Public/RCTDeprecation\"",
					"\"${PODS_ROOT}/Headers/Public/RCTRequired\"",
					"\"${PODS_ROOT}/Headers/Public/RCTTypeSafety\"",
					"\"${PODS_ROOT}/Headers/Public/RNCAsyncStorage\"",
					"\"${PODS_ROOT}/Headers/Public/RNCClipboard\"",
					"\"${PODS_ROOT}/Headers/Public/RNCMaskedView\"",
					"\"${PODS_ROOT}/Headers/Public/RNDateTimePicker\"",
					"\"${PODS_ROOT}/Headers/Public/RNDeviceInfo\"",
					"\"${PODS_ROOT}/Headers/Public/RNFBApp\"",
					"\"${PODS_ROOT}/Headers/Public/RNFBMessaging\"",
					"\"${PODS_ROOT}/Headers/Public/RNFS\"",
					"\"${PODS_ROOT}/Headers/Public/RNFastImage\"",
					"\"${PODS_ROOT}/Headers/Public/RNFileViewer\"",
					"\"${PODS_ROOT}/Headers/Public/RNGestureHandler\"",
					"\"${PODS_ROOT}/Headers/Public/RNImageCropPicker\"",
					"\"${PODS_ROOT}/Headers/Public/RNNotifee\"",
					"\"${PODS_ROOT}/Headers/Public/RNPermissions\"",
					"\"${PODS_ROOT}/Headers/Public/RNReactNativeHapticFeedback\"",
					"\"${PODS_ROOT}/Headers/Public/RNReanimated\"",
					"\"${PODS_ROOT}/Headers/Public/RNSVG\"",
					"\"${PODS_ROOT}/Headers/Public/RNScreens\"",
					"\"${PODS_ROOT}/Headers/Public/RNSensors\"",
					"\"${PODS_ROOT}/Headers/Public/RNShare\"",
					"\"${PODS_ROOT}/Headers/Public/React-Core\"",
					"\"${PODS_ROOT}/Headers/Public/React-Fabric\"",
					"\"${PODS_ROOT}/Headers/Public/React-FabricComponents\"",
					"\"${PODS_ROOT}/Headers/Public/React-FabricImage\"",
					"\"${PODS_ROOT}/Headers/Public/React-ImageManager\"",
					"\"${PODS_ROOT}/Headers/Public/React-Mapbuffer\"",
					"\"${PODS_ROOT}/Headers/Public/React-NativeModulesApple\"",
					"\"${PODS_ROOT}/Headers/Public/React-RCTAnimation\"",
					"\"${PODS_ROOT}/Headers/Public/React-RCTAppDelegate\"",
					"\"${PODS_ROOT}/Headers/Public/React-RCTBlob\"",
					"\"${PODS_ROOT}/Headers/Public/React-RCTFBReactNativeSpec\"",
					"\"${PODS_ROOT}/Headers/Public/React-RCTFabric\"",
					"\"${PODS_ROOT}/Headers/Public/React-RCTRuntime\"",
					"\"${PODS_ROOT}/Headers/Public/React-RCTText\"",
					"\"${PODS_ROOT}/Headers/Public/React-RuntimeApple\"",
					"\"${PODS_ROOT}/Headers/Public/React-RuntimeCore\"",
					"\"${PODS_ROOT}/Headers/Public/React-RuntimeHermes\"",
					"\"${PODS_ROOT}/Headers/Public/React-callinvoker\"",
					"\"${PODS_ROOT}/Headers/Public/React-cxxreact\"",
					"\"${PODS_ROOT}/Headers/Public/React-debug\"",
					"\"${PODS_ROOT}/Headers/Public/React-defaultsnativemodule\"",
					"\"${PODS_ROOT}/Headers/Public/React-domnativemodule\"",
					"\"${PODS_ROOT}/Headers/Public/React-featureflags\"",
					"\"${PODS_ROOT}/Headers/Public/React-featureflagsnativemodule\"",
					"\"${PODS_ROOT}/Headers/Public/React-graphics\"",
					"\"${PODS_ROOT}/Headers/Public/React-hermes\"",
					"\"${PODS_ROOT}/Headers/Public/React-idlecallbacksnativemodule\"",
					"\"${PODS_ROOT}/Headers/Public/React-jserrorhandler\"",
					"\"${PODS_ROOT}/Headers/Public/React-jsi\"",
					"\"${PODS_ROOT}/Headers/Public/React-jsiexecutor\"",
					"\"${PODS_ROOT}/Headers/Public/React-jsinspector\"",
					"\"${PODS_ROOT}/Headers/Public/React-jsinspectortracing\"",
					"\"${PODS_ROOT}/Headers/Public/React-jsitooling\"",
					"\"${PODS_ROOT}/Headers/Public/React-logger\"",
					"\"${PODS_ROOT}/Headers/Public/React-microtasksnativemodule\"",
					"\"${PODS_ROOT}/Headers/Public/React-oscompat\"",
					"\"${PODS_ROOT}/Headers/Public/React-perflogger\"",
					"\"${PODS_ROOT}/Headers/Public/React-performancetimeline\"",
					"\"${PODS_ROOT}/Headers/Public/React-rendererconsistency\"",
					"\"${PODS_ROOT}/Headers/Public/React-renderercss\"",
					"\"${PODS_ROOT}/Headers/Public/React-rendererdebug\"",
					"\"${PODS_ROOT}/Headers/Public/React-runtimeexecutor\"",
					"\"${PODS_ROOT}/Headers/Public/React-runtimescheduler\"",
					"\"${PODS_ROOT}/Headers/Public/React-timing\"",
					"\"${PODS_ROOT}/Headers/Public/React-utils\"",
					"\"${PODS_ROOT}/Headers/Public/ReactAppDependencyProvider\"",
					"\"${PODS_ROOT}/Headers/Public/ReactCodegen\"",
					"\"${PODS_ROOT}/Headers/Public/ReactCommon\"",
					"\"${PODS_ROOT}/Headers/Public/RealmJS\"",
					"\"${PODS_ROOT}/Headers/Public/SDWebImage\"",
					"\"${PODS_ROOT}/Headers/Public/SDWebImageWebPCoder\"",
					"\"${PODS_ROOT}/Headers/Public/SocketRocket\"",
					"\"${PODS_ROOT}/Headers/Public/TOCropViewController\"",
					"\"${PODS_ROOT}/Headers/Public/TextToSpeech\"",
					"\"${PODS_ROOT}/Headers/Public/Yoga\"",
					"\"${PODS_ROOT}/Headers/Public/boost\"",
					"\"${PODS_ROOT}/Headers/Public/fast_float\"",
					"\"${PODS_ROOT}/Headers/Public/fmt\"",
					"\"${PODS_ROOT}/Headers/Public/glog\"",
					"\"${PODS_ROOT}/Headers/Public/hermes-engine\"",
					"\"${PODS_ROOT}/Headers/Public/libwebp\"",
					"\"${PODS_ROOT}/Headers/Public/nanopb\"",
					"\"${PODS_ROOT}/Headers/Public/react-native-blur\"",
					"\"${PODS_ROOT}/Headers/Public/react-native-camera\"",
					"\"${PODS_ROOT}/Headers/Public/react-native-cameraroll\"",
					"\"${PODS_ROOT}/Headers/Public/react-native-compressor\"",
					"\"${PODS_ROOT}/Headers/Public/react-native-contacts\"",
					"\"${PODS_ROOT}/Headers/Public/react-native-create-thumbnail\"",
					"\"${PODS_ROOT}/Headers/Public/react-native-document-picker\"",
					"\"${PODS_ROOT}/Headers/Public/react-native-geolocation\"",
					"\"${PODS_ROOT}/Headers/Public/react-native-geolocation-service\"",
					"\"${PODS_ROOT}/Headers/Public/react-native-get-random-values\"",
					"\"${PODS_ROOT}/Headers/Public/react-native-image-picker\"",
					"\"${PODS_ROOT}/Headers/Public/react-native-image-resizer\"",
					"\"${PODS_ROOT}/Headers/Public/react-native-maps\"",
					"\"${PODS_ROOT}/Headers/Public/react-native-netinfo\"",
					"\"${PODS_ROOT}/Headers/Public/react-native-otp-verify\"",
					"\"${PODS_ROOT}/Headers/Public/react-native-pager-view\"",
					"\"${PODS_ROOT}/Headers/Public/react-native-safe-area-context\"",
					"\"${PODS_ROOT}/Headers/Public/react-native-video\"",
					"\"${PODS_ROOT}/Headers/Public/react-native-video-manager\"",
					"\"${PODS_ROOT}/Headers/Public/react-native-voice\"",
					"\"${PODS_ROOT}/Headers/Public/rn-fetch-blob\"",
					"\"${PODS_XCFRAMEWORKS_BUILD_DIR}/RealmJS/Headers\"",
					"\"$(PODS_ROOT)/DoubleConversion\"",
					"$(inherited)",
					"${PODS_ROOT}/Firebase/CoreOnly/Sources",
					"\"$(PODS_ROOT)/boost\"",
					"\"$(PODS_ROOT)/boost\"",
					"\"$(PODS_ROOT)/boost-for-react-native\"",
					"\"$(PODS_ROOT)/glog\"",
					"\"$(PODS_ROOT)/RCT-Folly\"",
					"\"$(PODS_ROOT)/Headers/Public/React-hermes\"",
					"\"$(PODS_ROOT)/Headers/Public/hermes-engine\"",
					"\"$(PODS_ROOT)/../../node_modules/react-native/ReactCommon\"",
					"\"$(PODS_ROOT)/../../node_modules/react-native-reanimated/apple\"",
					"\"$(PODS_ROOT)/../../node_modules/react-native-reanimated/Common/cpp\"",
					"\"$(PODS_ROOT)/Headers/Private/React-Core\"",
					"\"$(PODS_ROOT)/Headers/Private/React-Core\"",
					"\"$(PODS_ROOT)/Headers/Private/Yoga\"",
					"$(SRCROOT)/../node_modules/react-native-maps/lib/ios/AirMaps/**",
				);
				"HEADER_SEARCH_PATHS[arch=*]" = (
					"$(inherited)",
					"\"${PODS_ROOT}/Headers/Public\"",
					"\"${PODS_ROOT}/Headers/Public/BVLinearGradient\"",
					"\"${PODS_ROOT}/Headers/Public/DoubleConversion\"",
					"\"${PODS_ROOT}/Headers/Public/FBLazyVector\"",
					"\"${PODS_ROOT}/Headers/Public/Firebase\"",
					"\"${PODS_ROOT}/Headers/Public/FirebaseCore\"",
					"\"${PODS_ROOT}/Headers/Public/FirebaseCoreExtension\"",
					"\"${PODS_ROOT}/Headers/Public/FirebaseInstallations\"",
					"\"${PODS_ROOT}/Headers/Public/FirebaseMessaging\"",
					"\"${PODS_ROOT}/Headers/Public/Google-Maps-iOS-Utils\"",
					"\"${PODS_ROOT}/Headers/Public/GoogleDataTransport\"",
					"\"${PODS_ROOT}/Headers/Public/GoogleMaps\"",
					"\"${PODS_ROOT}/Headers/Public/GoogleUtilities\"",
					"\"${PODS_ROOT}/Headers/Public/PromisesObjC\"",
					"\"${PODS_ROOT}/Headers/Public/RCT-Folly\"",
					"\"${PODS_ROOT}/Headers/Public/RCTDeprecation\"",
					"\"${PODS_ROOT}/Headers/Public/RCTRequired\"",
					"\"${PODS_ROOT}/Headers/Public/RCTTypeSafety\"",
					"\"${PODS_ROOT}/Headers/Public/RNCAsyncStorage\"",
					"\"${PODS_ROOT}/Headers/Public/RNCClipboard\"",
					"\"${PODS_ROOT}/Headers/Public/RNCMaskedView\"",
					"\"${PODS_ROOT}/Headers/Public/RNDateTimePicker\"",
					"\"${PODS_ROOT}/Headers/Public/RNDeviceInfo\"",
					"\"${PODS_ROOT}/Headers/Public/RNFBApp\"",
					"\"${PODS_ROOT}/Headers/Public/RNFBMessaging\"",
					"\"${PODS_ROOT}/Headers/Public/RNFS\"",
					"\"${PODS_ROOT}/Headers/Public/RNFastImage\"",
					"\"${PODS_ROOT}/Headers/Public/RNFileViewer\"",
					"\"${PODS_ROOT}/Headers/Public/RNGestureHandler\"",
					"\"${PODS_ROOT}/Headers/Public/RNImageCropPicker\"",
					"\"${PODS_ROOT}/Headers/Public/RNNotifee\"",
					"\"${PODS_ROOT}/Headers/Public/RNPermissions\"",
					"\"${PODS_ROOT}/Headers/Public/RNReactNativeHapticFeedback\"",
					"\"${PODS_ROOT}/Headers/Public/RNReanimated\"",
					"\"${PODS_ROOT}/Headers/Public/RNSVG\"",
					"\"${PODS_ROOT}/Headers/Public/RNScreens\"",
					"\"${PODS_ROOT}/Headers/Public/RNSensors\"",
					"\"${PODS_ROOT}/Headers/Public/RNShare\"",
					"\"${PODS_ROOT}/Headers/Public/React-Core\"",
					"\"${PODS_ROOT}/Headers/Public/React-Fabric\"",
					"\"${PODS_ROOT}/Headers/Public/React-FabricComponents\"",
					"\"${PODS_ROOT}/Headers/Public/React-FabricImage\"",
					"\"${PODS_ROOT}/Headers/Public/React-ImageManager\"",
					"\"${PODS_ROOT}/Headers/Public/React-Mapbuffer\"",
					"\"${PODS_ROOT}/Headers/Public/React-NativeModulesApple\"",
					"\"${PODS_ROOT}/Headers/Public/React-RCTAnimation\"",
					"\"${PODS_ROOT}/Headers/Public/React-RCTAppDelegate\"",
					"\"${PODS_ROOT}/Headers/Public/React-RCTBlob\"",
					"\"${PODS_ROOT}/Headers/Public/React-RCTFBReactNativeSpec\"",
					"\"${PODS_ROOT}/Headers/Public/React-RCTFabric\"",
					"\"${PODS_ROOT}/Headers/Public/React-RCTRuntime\"",
					"\"${PODS_ROOT}/Headers/Public/React-RCTText\"",
					"\"${PODS_ROOT}/Headers/Public/React-RuntimeApple\"",
					"\"${PODS_ROOT}/Headers/Public/React-RuntimeCore\"",
					"\"${PODS_ROOT}/Headers/Public/React-RuntimeHermes\"",
					"\"${PODS_ROOT}/Headers/Public/React-callinvoker\"",
					"\"${PODS_ROOT}/Headers/Public/React-cxxreact\"",
					"\"${PODS_ROOT}/Headers/Public/React-debug\"",
					"\"${PODS_ROOT}/Headers/Public/React-defaultsnativemodule\"",
					"\"${PODS_ROOT}/Headers/Public/React-domnativemodule\"",
					"\"${PODS_ROOT}/Headers/Public/React-featureflags\"",
					"\"${PODS_ROOT}/Headers/Public/React-featureflagsnativemodule\"",
					"\"${PODS_ROOT}/Headers/Public/React-graphics\"",
					"\"${PODS_ROOT}/Headers/Public/React-hermes\"",
					"\"${PODS_ROOT}/Headers/Public/React-idlecallbacksnativemodule\"",
					"\"${PODS_ROOT}/Headers/Public/React-jserrorhandler\"",
					"\"${PODS_ROOT}/Headers/Public/React-jsi\"",
					"\"${PODS_ROOT}/Headers/Public/React-jsiexecutor\"",
					"\"${PODS_ROOT}/Headers/Public/React-jsinspector\"",
					"\"${PODS_ROOT}/Headers/Public/React-jsinspectortracing\"",
					"\"${PODS_ROOT}/Headers/Public/React-jsitooling\"",
					"\"${PODS_ROOT}/Headers/Public/React-logger\"",
					"\"${PODS_ROOT}/Headers/Public/React-microtasksnativemodule\"",
					"\"${PODS_ROOT}/Headers/Public/React-oscompat\"",
					"\"${PODS_ROOT}/Headers/Public/React-perflogger\"",
					"\"${PODS_ROOT}/Headers/Public/React-performancetimeline\"",
					"\"${PODS_ROOT}/Headers/Public/React-rendererconsistency\"",
					"\"${PODS_ROOT}/Headers/Public/React-renderercss\"",
					"\"${PODS_ROOT}/Headers/Public/React-rendererdebug\"",
					"\"${PODS_ROOT}/Headers/Public/React-runtimeexecutor\"",
					"\"${PODS_ROOT}/Headers/Public/React-runtimescheduler\"",
					"\"${PODS_ROOT}/Headers/Public/React-timing\"",
					"\"${PODS_ROOT}/Headers/Public/React-utils\"",
					"\"${PODS_ROOT}/Headers/Public/ReactAppDependencyProvider\"",
					"\"${PODS_ROOT}/Headers/Public/ReactCodegen\"",
					"\"${PODS_ROOT}/Headers/Public/ReactCommon\"",
					"\"${PODS_ROOT}/Headers/Public/RealmJS\"",
					"\"${PODS_ROOT}/Headers/Public/SDWebImage\"",
					"\"${PODS_ROOT}/Headers/Public/SDWebImageWebPCoder\"",
					"\"${PODS_ROOT}/Headers/Public/SocketRocket\"",
					"\"${PODS_ROOT}/Headers/Public/TOCropViewController\"",
					"\"${PODS_ROOT}/Headers/Public/TextToSpeech\"",
					"\"${PODS_ROOT}/Headers/Public/Yoga\"",
					"\"${PODS_ROOT}/Headers/Public/boost\"",
					"\"${PODS_ROOT}/Headers/Public/fast_float\"",
					"\"${PODS_ROOT}/Headers/Public/fmt\"",
					"\"${PODS_ROOT}/Headers/Public/glog\"",
					"\"${PODS_ROOT}/Headers/Public/hermes-engine\"",
					"\"${PODS_ROOT}/Headers/Public/libwebp\"",
					"\"${PODS_ROOT}/Headers/Public/nanopb\"",
					"\"${PODS_ROOT}/Headers/Public/react-native-blur\"",
					"\"${PODS_ROOT}/Headers/Public/react-native-camera\"",
					"\"${PODS_ROOT}/Headers/Public/react-native-cameraroll\"",
					"\"${PODS_ROOT}/Headers/Public/react-native-compressor\"",
					"\"${PODS_ROOT}/Headers/Public/react-native-contacts\"",
					"\"${PODS_ROOT}/Headers/Public/react-native-create-thumbnail\"",
					"\"${PODS_ROOT}/Headers/Public/react-native-document-picker\"",
					"\"${PODS_ROOT}/Headers/Public/react-native-geolocation\"",
					"\"${PODS_ROOT}/Headers/Public/react-native-geolocation-service\"",
					"\"${PODS_ROOT}/Headers/Public/react-native-get-random-values\"",
					"\"${PODS_ROOT}/Headers/Public/react-native-image-picker\"",
					"\"${PODS_ROOT}/Headers/Public/react-native-image-resizer\"",
					"\"${PODS_ROOT}/Headers/Public/react-native-maps\"",
					"\"${PODS_ROOT}/Headers/Public/react-native-netinfo\"",
					"\"${PODS_ROOT}/Headers/Public/react-native-otp-verify\"",
					"\"${PODS_ROOT}/Headers/Public/react-native-pager-view\"",
					"\"${PODS_ROOT}/Headers/Public/react-native-safe-area-context\"",
					"\"${PODS_ROOT}/Headers/Public/react-native-video\"",
					"\"${PODS_ROOT}/Headers/Public/react-native-video-manager\"",
					"\"${PODS_ROOT}/Headers/Public/react-native-voice\"",
					"\"${PODS_ROOT}/Headers/Public/rn-fetch-blob\"",
					"\"${PODS_XCFRAMEWORKS_BUILD_DIR}/RealmJS/Headers\"",
					"\"$(PODS_ROOT)/DoubleConversion\"",
					"$(inherited)",
					"${PODS_ROOT}/Firebase/CoreOnly/Sources",
					"\"$(PODS_ROOT)/boost\"",
					"\"$(PODS_ROOT)/boost\"",
					"\"$(PODS_ROOT)/boost-for-react-native\"",
					"\"$(PODS_ROOT)/glog\"",
					"\"$(PODS_ROOT)/RCT-Folly\"",
					"\"$(PODS_ROOT)/Headers/Public/React-hermes\"",
					"\"$(PODS_ROOT)/Headers/Public/hermes-engine\"",
					"\"$(PODS_ROOT)/../../node_modules/react-native/ReactCommon\"",
					"\"$(PODS_ROOT)/../../node_modules/react-native-reanimated/apple\"",
					"\"$(PODS_ROOT)/../../node_modules/react-native-reanimated/Common/cpp\"",
					"\"$(PODS_ROOT)/Headers/Private/React-Core\"",
					"\"$(PODS_ROOT)/Headers/Private/React-Core\"",
					"\"$(PODS_ROOT)/Headers/Private/Yoga\"",
					"$(SRCROOT)/../node_modules/react-native-maps/lib/ios/AirMaps/**",
				);
				INFOPLIST_FILE = Retyrn/Info.plist;
				IPHONEOS_DEPLOYMENT_TARGET = 15.6;
				LD_RUNPATH_SEARCH_PATHS = (
					"$(inherited)",
					"@executable_path/Frameworks",
				);
				MARKETING_VERSION = 1.0;
				OTHER_CPLUSPLUSFLAGS = "-fcxx-modules";
				OTHER_LDFLAGS = (
					"$(inherited)",
					"-ObjC",
					"-lc++",
				);
				PRODUCT_BUNDLE_IDENTIFIER = ai.nxtech.retyrnapp1;
				PRODUCT_NAME = Retyrn;
				PROVISIONING_PROFILE_SPECIFIER = "";
				SWIFT_OPTIMIZATION_LEVEL = "-Onone";
				SWIFT_VERSION = 5.0;
				TARGETED_DEVICE_FAMILY = "1,2";
				VERSIONING_SYSTEM = "apple-generic";
			};
			name = Debug;
		};
		13B07F951A680F5B00A75B9A /* Release */ = {
			isa = XCBuildConfiguration;
			buildSettings = {
				ASSETCATALOG_COMPILER_APPICON_NAME = AppIcon;
				CLANG_ALLOW_NON_MODULAR_INCLUDES_IN_FRAMEWORK_MODULES = YES;
				CLANG_ENABLE_MODULES = YES;
				CLANG_WARN_EMPTY_BODY = NO;
				CODE_SIGN_ENTITLEMENTS = Retyrn/Retyrn.entitlements;
				CODE_SIGN_IDENTITY = "Apple Development";
				CODE_SIGN_STYLE = Automatic;
				COPY_PHASE_STRIP = NO;
				CURRENT_PROJECT_VERSION = 6;
				DEVELOPMENT_TEAM = X39KNUXKF3;
				GCC_PREPROCESSOR_DEFINITIONS = (
					"$(inherited)",
					"COCOAPODS=1",
					"$(inherited)",
					"SD_WEBP=1",
					"$(inherited)",
					"PB_FIELD_32BIT=1",
					"PB_NO_PACKED_STRUCTS=1",
					"PB_ENABLE_MALLOC=1",
					"HAVE_GOOGLE_MAPS=1",
				);
				HEADER_SEARCH_PATHS = (
					"$(inherited)",
					"\"${PODS_ROOT}/Headers/Public\"",
					"\"${PODS_ROOT}/Headers/Public/BVLinearGradient\"",
					"\"${PODS_ROOT}/Headers/Public/DoubleConversion\"",
					"\"${PODS_ROOT}/Headers/Public/FBLazyVector\"",
					"\"${PODS_ROOT}/Headers/Public/Firebase\"",
					"\"${PODS_ROOT}/Headers/Public/FirebaseCore\"",
					"\"${PODS_ROOT}/Headers/Public/FirebaseCoreExtension\"",
					"\"${PODS_ROOT}/Headers/Public/FirebaseInstallations\"",
					"\"${PODS_ROOT}/Headers/Public/FirebaseMessaging\"",
					"\"${PODS_ROOT}/Headers/Public/Google-Maps-iOS-Utils\"",
					"\"${PODS_ROOT}/Headers/Public/GoogleDataTransport\"",
					"\"${PODS_ROOT}/Headers/Public/GoogleMaps\"",
					"\"${PODS_ROOT}/Headers/Public/GoogleUtilities\"",
					"\"${PODS_ROOT}/Headers/Public/PromisesObjC\"",
					"\"${PODS_ROOT}/Headers/Public/RCT-Folly\"",
					"\"${PODS_ROOT}/Headers/Public/RCTDeprecation\"",
					"\"${PODS_ROOT}/Headers/Public/RCTRequired\"",
					"\"${PODS_ROOT}/Headers/Public/RCTTypeSafety\"",
					"\"${PODS_ROOT}/Headers/Public/RNCAsyncStorage\"",
					"\"${PODS_ROOT}/Headers/Public/RNCClipboard\"",
					"\"${PODS_ROOT}/Headers/Public/RNCMaskedView\"",
					"\"${PODS_ROOT}/Headers/Public/RNDateTimePicker\"",
					"\"${PODS_ROOT}/Headers/Public/RNDeviceInfo\"",
					"\"${PODS_ROOT}/Headers/Public/RNFBApp\"",
					"\"${PODS_ROOT}/Headers/Public/RNFBMessaging\"",
					"\"${PODS_ROOT}/Headers/Public/RNFS\"",
					"\"${PODS_ROOT}/Headers/Public/RNFastImage\"",
					"\"${PODS_ROOT}/Headers/Public/RNFileViewer\"",
					"\"${PODS_ROOT}/Headers/Public/RNGestureHandler\"",
					"\"${PODS_ROOT}/Headers/Public/RNImageCropPicker\"",
					"\"${PODS_ROOT}/Headers/Public/RNNotifee\"",
					"\"${PODS_ROOT}/Headers/Public/RNPermissions\"",
					"\"${PODS_ROOT}/Headers/Public/RNReactNativeHapticFeedback\"",
					"\"${PODS_ROOT}/Headers/Public/RNReanimated\"",
					"\"${PODS_ROOT}/Headers/Public/RNSVG\"",
					"\"${PODS_ROOT}/Headers/Public/RNScreens\"",
					"\"${PODS_ROOT}/Headers/Public/RNSensors\"",
					"\"${PODS_ROOT}/Headers/Public/RNShare\"",
					"\"${PODS_ROOT}/Headers/Public/React-Core\"",
					"\"${PODS_ROOT}/Headers/Public/React-Fabric\"",
					"\"${PODS_ROOT}/Headers/Public/React-FabricComponents\"",
					"\"${PODS_ROOT}/Headers/Public/React-FabricImage\"",
					"\"${PODS_ROOT}/Headers/Public/React-ImageManager\"",
					"\"${PODS_ROOT}/Headers/Public/React-Mapbuffer\"",
					"\"${PODS_ROOT}/Headers/Public/React-NativeModulesApple\"",
					"\"${PODS_ROOT}/Headers/Public/React-RCTAnimation\"",
					"\"${PODS_ROOT}/Headers/Public/React-RCTAppDelegate\"",
					"\"${PODS_ROOT}/Headers/Public/React-RCTBlob\"",
					"\"${PODS_ROOT}/Headers/Public/React-RCTFBReactNativeSpec\"",
					"\"${PODS_ROOT}/Headers/Public/React-RCTFabric\"",
					"\"${PODS_ROOT}/Headers/Public/React-RCTRuntime\"",
					"\"${PODS_ROOT}/Headers/Public/React-RCTText\"",
					"\"${PODS_ROOT}/Headers/Public/React-RuntimeApple\"",
					"\"${PODS_ROOT}/Headers/Public/React-RuntimeCore\"",
					"\"${PODS_ROOT}/Headers/Public/React-RuntimeHermes\"",
					"\"${PODS_ROOT}/Headers/Public/React-callinvoker\"",
					"\"${PODS_ROOT}/Headers/Public/React-cxxreact\"",
					"\"${PODS_ROOT}/Headers/Public/React-debug\"",
					"\"${PODS_ROOT}/Headers/Public/React-defaultsnativemodule\"",
					"\"${PODS_ROOT}/Headers/Public/React-domnativemodule\"",
					"\"${PODS_ROOT}/Headers/Public/React-featureflags\"",
					"\"${PODS_ROOT}/Headers/Public/React-featureflagsnativemodule\"",
					"\"${PODS_ROOT}/Headers/Public/React-graphics\"",
					"\"${PODS_ROOT}/Headers/Public/React-hermes\"",
					"\"${PODS_ROOT}/Headers/Public/React-idlecallbacksnativemodule\"",
					"\"${PODS_ROOT}/Headers/Public/React-jserrorhandler\"",
					"\"${PODS_ROOT}/Headers/Public/React-jsi\"",
					"\"${PODS_ROOT}/Headers/Public/React-jsiexecutor\"",
					"\"${PODS_ROOT}/Headers/Public/React-jsinspector\"",
					"\"${PODS_ROOT}/Headers/Public/React-jsinspectortracing\"",
					"\"${PODS_ROOT}/Headers/Public/React-jsitooling\"",
					"\"${PODS_ROOT}/Headers/Public/React-logger\"",
					"\"${PODS_ROOT}/Headers/Public/React-microtasksnativemodule\"",
					"\"${PODS_ROOT}/Headers/Public/React-oscompat\"",
					"\"${PODS_ROOT}/Headers/Public/React-perflogger\"",
					"\"${PODS_ROOT}/Headers/Public/React-performancetimeline\"",
					"\"${PODS_ROOT}/Headers/Public/React-rendererconsistency\"",
					"\"${PODS_ROOT}/Headers/Public/React-renderercss\"",
					"\"${PODS_ROOT}/Headers/Public/React-rendererdebug\"",
					"\"${PODS_ROOT}/Headers/Public/React-runtimeexecutor\"",
					"\"${PODS_ROOT}/Headers/Public/React-runtimescheduler\"",
					"\"${PODS_ROOT}/Headers/Public/React-timing\"",
					"\"${PODS_ROOT}/Headers/Public/React-utils\"",
					"\"${PODS_ROOT}/Headers/Public/ReactAppDependencyProvider\"",
					"\"${PODS_ROOT}/Headers/Public/ReactCodegen\"",
					"\"${PODS_ROOT}/Headers/Public/ReactCommon\"",
					"\"${PODS_ROOT}/Headers/Public/RealmJS\"",
					"\"${PODS_ROOT}/Headers/Public/SDWebImage\"",
					"\"${PODS_ROOT}/Headers/Public/SDWebImageWebPCoder\"",
					"\"${PODS_ROOT}/Headers/Public/SocketRocket\"",
					"\"${PODS_ROOT}/Headers/Public/TOCropViewController\"",
					"\"${PODS_ROOT}/Headers/Public/TextToSpeech\"",
					"\"${PODS_ROOT}/Headers/Public/Yoga\"",
					"\"${PODS_ROOT}/Headers/Public/boost\"",
					"\"${PODS_ROOT}/Headers/Public/fast_float\"",
					"\"${PODS_ROOT}/Headers/Public/fmt\"",
					"\"${PODS_ROOT}/Headers/Public/glog\"",
					"\"${PODS_ROOT}/Headers/Public/hermes-engine\"",
					"\"${PODS_ROOT}/Headers/Public/libwebp\"",
					"\"${PODS_ROOT}/Headers/Public/nanopb\"",
					"\"${PODS_ROOT}/Headers/Public/react-native-blur\"",
					"\"${PODS_ROOT}/Headers/Public/react-native-camera\"",
					"\"${PODS_ROOT}/Headers/Public/react-native-cameraroll\"",
					"\"${PODS_ROOT}/Headers/Public/react-native-compressor\"",
					"\"${PODS_ROOT}/Headers/Public/react-native-contacts\"",
					"\"${PODS_ROOT}/Headers/Public/react-native-create-thumbnail\"",
					"\"${PODS_ROOT}/Headers/Public/react-native-document-picker\"",
					"\"${PODS_ROOT}/Headers/Public/react-native-geolocation\"",
					"\"${PODS_ROOT}/Headers/Public/react-native-geolocation-service\"",
					"\"${PODS_ROOT}/Headers/Public/react-native-get-random-values\"",
					"\"${PODS_ROOT}/Headers/Public/react-native-image-picker\"",
					"\"${PODS_ROOT}/Headers/Public/react-native-image-resizer\"",
					"\"${PODS_ROOT}/Headers/Public/react-native-maps\"",
					"\"${PODS_ROOT}/Headers/Public/react-native-netinfo\"",
					"\"${PODS_ROOT}/Headers/Public/react-native-otp-verify\"",
					"\"${PODS_ROOT}/Headers/Public/react-native-pager-view\"",
					"\"${PODS_ROOT}/Headers/Public/react-native-safe-area-context\"",
					"\"${PODS_ROOT}/Headers/Public/react-native-video\"",
					"\"${PODS_ROOT}/Headers/Public/react-native-video-manager\"",
					"\"${PODS_ROOT}/Headers/Public/react-native-voice\"",
					"\"${PODS_ROOT}/Headers/Public/rn-fetch-blob\"",
					"\"${PODS_XCFRAMEWORKS_BUILD_DIR}/RealmJS/Headers\"",
					"\"$(PODS_ROOT)/DoubleConversion\"",
					"$(inherited)",
					"${PODS_ROOT}/Firebase/CoreOnly/Sources",
					"\"$(PODS_ROOT)/boost\"",
					"\"$(PODS_ROOT)/boost\"",
					"\"$(PODS_ROOT)/boost-for-react-native\"",
					"\"$(PODS_ROOT)/glog\"",
					"\"$(PODS_ROOT)/RCT-Folly\"",
					"\"$(PODS_ROOT)/Headers/Public/React-hermes\"",
					"\"$(PODS_ROOT)/Headers/Public/hermes-engine\"",
					"\"$(PODS_ROOT)/../../node_modules/react-native/ReactCommon\"",
					"\"$(PODS_ROOT)/../../node_modules/react-native-reanimated/apple\"",
					"\"$(PODS_ROOT)/../../node_modules/react-native-reanimated/Common/cpp\"",
					"\"$(PODS_ROOT)/Headers/Private/React-Core\"",
					"\"$(PODS_ROOT)/Headers/Private/React-Core\"",
					"\"$(PODS_ROOT)/Headers/Private/Yoga\"",
					"$(SRCROOT)/../node_modules/react-native-maps/lib/ios/AirMaps/**",
				);
				INFOPLIST_FILE = Retyrn/Info.plist;
				IPHONEOS_DEPLOYMENT_TARGET = 15.6;
				LD_RUNPATH_SEARCH_PATHS = (
					"$(inherited)",
					"@executable_path/Frameworks",
				);
				MARKETING_VERSION = 1.0;
				OTHER_CPLUSPLUSFLAGS = "-fcxx-modules";
				OTHER_LDFLAGS = (
					"$(inherited)",
					"-ObjC",
					"-lc++",
				);
				PRODUCT_BUNDLE_IDENTIFIER = ai.nxtech.retyrnapp1;
				PRODUCT_NAME = Retyrn;
				PROVISIONING_PROFILE_SPECIFIER = "";
				SWIFT_VERSION = 5.0;
				TARGETED_DEVICE_FAMILY = "1,2";
				VERSIONING_SYSTEM = "apple-generic";
			};
			name = Release;
		};
		26774EF02E812E0000F1FC41 /* Debug */ = {
			isa = XCBuildConfiguration;
			buildSettings = {
				ASSETCATALOG_COMPILER_GENERATE_SWIFT_ASSET_SYMBOL_EXTENSIONS = YES;
				CLANG_ANALYZER_NONNULL = YES;
				CLANG_ANALYZER_NUMBER_OBJECT_CONVERSION = YES_AGGRESSIVE;
				CLANG_CXX_LANGUAGE_STANDARD = "gnu++20";
				CLANG_ENABLE_MODULES = YES;
				CLANG_ENABLE_OBJC_WEAK = YES;
				CLANG_WARN_DOCUMENTATION_COMMENTS = YES;
				CLANG_WARN_UNGUARDED_AVAILABILITY = YES_AGGRESSIVE;
				CODE_SIGN_ENTITLEMENTS = ShareExtension/ShareExtension.entitlements;
				CODE_SIGN_IDENTITY = "Apple Development";
				CODE_SIGN_STYLE = Automatic;
				CURRENT_PROJECT_VERSION = 0;
				DEBUG_INFORMATION_FORMAT = dwarf;
				DEVELOPMENT_TEAM = X39KNUXKF3;
				ENABLE_USER_SCRIPT_SANDBOXING = NO;
				GCC_C_LANGUAGE_STANDARD = gnu17;
				GCC_PREPROCESSOR_DEFINITIONS = (
					"DEBUG=1",
					"$(inherited)",
				);
				GENERATE_INFOPLIST_FILE = YES;
				INFOPLIST_FILE = ShareExtension/Info.plist;
				INFOPLIST_KEY_CFBundleDisplayName = ShareExtension;
				INFOPLIST_KEY_NSHumanReadableCopyright = "";
				IPHONEOS_DEPLOYMENT_TARGET = 15.6;
				LD_RUNPATH_SEARCH_PATHS = (
					"$(inherited)",
					"@executable_path/Frameworks",
					"@executable_path/../../Frameworks",
				);
				LOCALIZATION_PREFERS_STRING_CATALOGS = YES;
				MARKETING_VERSION = 1.0;
				MTL_ENABLE_DEBUG_INFO = INCLUDE_SOURCE;
				MTL_FAST_MATH = YES;
				PRODUCT_BUNDLE_IDENTIFIER = ai.nxtech.retyrnapp1.ShareExtension;
				PRODUCT_NAME = "$(TARGET_NAME)";
				SKIP_INSTALL = YES;
				SWIFT_ACTIVE_COMPILATION_CONDITIONS = "DEBUG $(inherited)";
				SWIFT_EMIT_LOC_STRINGS = YES;
				SWIFT_OBJC_BRIDGING_HEADER = "ShareExtension/ShareExtension-Bridging-Header.h";
				SWIFT_OPTIMIZATION_LEVEL = "-Onone";
				SWIFT_VERSION = 5.0;
				TARGETED_DEVICE_FAMILY = "1,2";
			};
			name = Debug;
		};
		26774EF12E812E0000F1FC41 /* Release */ = {
			isa = XCBuildConfiguration;
			buildSettings = {
				ASSETCATALOG_COMPILER_GENERATE_SWIFT_ASSET_SYMBOL_EXTENSIONS = YES;
				CLANG_ANALYZER_NONNULL = YES;
				CLANG_ANALYZER_NUMBER_OBJECT_CONVERSION = YES_AGGRESSIVE;
				CLANG_CXX_LANGUAGE_STANDARD = "gnu++20";
				CLANG_ENABLE_MODULES = YES;
				CLANG_ENABLE_OBJC_WEAK = YES;
				CLANG_WARN_DOCUMENTATION_COMMENTS = YES;
				CLANG_WARN_UNGUARDED_AVAILABILITY = YES_AGGRESSIVE;
				CODE_SIGN_ENTITLEMENTS = ShareExtension/ShareExtension.entitlements;
				CODE_SIGN_IDENTITY = "Apple Development";
				CODE_SIGN_STYLE = Automatic;
				COPY_PHASE_STRIP = NO;
				CURRENT_PROJECT_VERSION = 0;
				DEBUG_INFORMATION_FORMAT = "dwarf-with-dsym";
				DEVELOPMENT_TEAM = X39KNUXKF3;
				ENABLE_USER_SCRIPT_SANDBOXING = NO;
				GCC_C_LANGUAGE_STANDARD = gnu17;
				GENERATE_INFOPLIST_FILE = YES;
				INFOPLIST_FILE = ShareExtension/Info.plist;
				INFOPLIST_KEY_CFBundleDisplayName = ShareExtension;
				INFOPLIST_KEY_NSHumanReadableCopyright = "";
				IPHONEOS_DEPLOYMENT_TARGET = 15.6;
				LD_RUNPATH_SEARCH_PATHS = (
					"$(inherited)",
					"@executable_path/Frameworks",
					"@executable_path/../../Frameworks",
				);
				LOCALIZATION_PREFERS_STRING_CATALOGS = YES;
				MARKETING_VERSION = 1.0;
				MTL_FAST_MATH = YES;
				PRODUCT_BUNDLE_IDENTIFIER = ai.nxtech.retyrnapp1.ShareExtension;
				PRODUCT_NAME = "$(TARGET_NAME)";
				SKIP_INSTALL = YES;
				SWIFT_COMPILATION_MODE = wholemodule;
				SWIFT_EMIT_LOC_STRINGS = YES;
				SWIFT_OBJC_BRIDGING_HEADER = "ShareExtension/ShareExtension-Bridging-Header.h";
				SWIFT_VERSION = 5.0;
				TARGETED_DEVICE_FAMILY = "1,2";
			};
			name = Release;
		};
		83CBBA201A601CBA00E9B192 /* Debug */ = {
			isa = XCBuildConfiguration;
			buildSettings = {
				ALWAYS_SEARCH_USER_PATHS = NO;
				CLANG_ALLOW_NON_MODULAR_INCLUDES_IN_FRAMEWORK_MODULES = YES;
				CLANG_ANALYZER_LOCALIZABILITY_NONLOCALIZED = YES;
				CLANG_CXX_LANGUAGE_STANDARD = "c++20";
				CLANG_CXX_LIBRARY = "libc++";
				CLANG_ENABLE_MODULES = YES;
				CLANG_ENABLE_OBJC_ARC = YES;
				CLANG_WARN_BLOCK_CAPTURE_AUTORELEASING = YES;
				CLANG_WARN_BOOL_CONVERSION = YES;
				CLANG_WARN_COMMA = YES;
				CLANG_WARN_CONSTANT_CONVERSION = YES;
				CLANG_WARN_DEPRECATED_OBJC_IMPLEMENTATIONS = YES;
				CLANG_WARN_DIRECT_OBJC_ISA_USAGE = YES_ERROR;
				CLANG_WARN_EMPTY_BODY = YES;
				CLANG_WARN_ENUM_CONVERSION = YES;
				CLANG_WARN_INFINITE_RECURSION = YES;
				CLANG_WARN_INT_CONVERSION = YES;
				CLANG_WARN_NON_LITERAL_NULL_CONVERSION = YES;
				CLANG_WARN_OBJC_IMPLICIT_RETAIN_SELF = YES;
				CLANG_WARN_OBJC_LITERAL_CONVERSION = YES;
				CLANG_WARN_OBJC_ROOT_CLASS = YES_ERROR;
				CLANG_WARN_QUOTED_INCLUDE_IN_FRAMEWORK_HEADER = YES;
				CLANG_WARN_RANGE_LOOP_ANALYSIS = YES;
				CLANG_WARN_STRICT_PROTOTYPES = YES;
				CLANG_WARN_SUSPICIOUS_MOVE = YES;
				CLANG_WARN_UNREACHABLE_CODE = YES;
				CLANG_WARN__DUPLICATE_METHOD_MATCH = YES;
				"CODE_SIGN_IDENTITY[sdk=iphoneos*]" = "iPhone Developer";
				COPY_PHASE_STRIP = NO;
				ENABLE_STRICT_OBJC_MSGSEND = YES;
				ENABLE_TESTABILITY = YES;
				"EXCLUDED_ARCHS[sdk=iphonesimulator*]" = "";
				GCC_C_LANGUAGE_STANDARD = gnu99;
				GCC_DYNAMIC_NO_PIC = NO;
				GCC_INCREASE_PRECOMPILED_HEADER_SHARING = NO;
				GCC_NO_COMMON_BLOCKS = YES;
				GCC_OPTIMIZATION_LEVEL = 0;
				GCC_PREPROCESSOR_DEFINITIONS = "HAVE_GOOGLE_MAPS=1";
				GCC_SYMBOLS_PRIVATE_EXTERN = NO;
				GCC_WARN_64_TO_32_BIT_CONVERSION = YES;
				GCC_WARN_ABOUT_RETURN_TYPE = YES_ERROR;
				GCC_WARN_UNDECLARED_SELECTOR = YES;
				GCC_WARN_UNINITIALIZED_AUTOS = YES_AGGRESSIVE;
				GCC_WARN_UNUSED_FUNCTION = YES;
				GCC_WARN_UNUSED_VARIABLE = YES;
				IPHONEOS_DEPLOYMENT_TARGET = 15.6;
				LD_RUNPATH_SEARCH_PATHS = (
					/usr/lib/swift,
					"$(inherited)",
				);
				LIBRARY_SEARCH_PATHS = (
					"\"$(SDKROOT)/usr/lib/swift\"",
					"\"$(TOOLCHAIN_DIR)/usr/lib/swift/$(PLATFORM_NAME)\"",
					"\"$(inherited)\"",
				);
				MTL_ENABLE_DEBUG_INFO = YES;
				ONLY_ACTIVE_ARCH = YES;
				OTHER_CFLAGS = "";
				OTHER_CPLUSPLUSFLAGS = (
					"$(OTHER_CFLAGS)",
					"-DFOLLY_NO_CONFIG",
					"-DFOLLY_MOBILE=1",
					"-DFOLLY_USE_LIBCPP=1",
					"-DFOLLY_CFG_NO_COROUTINES=1",
					"-DFOLLY_HAVE_CLOCK_GETTIME=1",
					"-fcxx-modules",
				);
				OTHER_LDFLAGS = (
					"$(inherited)",
					" ",
				);
				REACT_NATIVE_PATH = "${PODS_ROOT}/../../node_modules/react-native";
				SDKROOT = iphoneos;
				SWIFT_ACTIVE_COMPILATION_CONDITIONS = "$(inherited) DEBUG";
				USE_HERMES = true;
			};
			name = Debug;
		};
		83CBBA211A601CBA00E9B192 /* Release */ = {
			isa = XCBuildConfiguration;
			buildSettings = {
				ALWAYS_SEARCH_USER_PATHS = NO;
				CLANG_ALLOW_NON_MODULAR_INCLUDES_IN_FRAMEWORK_MODULES = YES;
				CLANG_ANALYZER_LOCALIZABILITY_NONLOCALIZED = YES;
				CLANG_CXX_LANGUAGE_STANDARD = "c++20";
				CLANG_CXX_LIBRARY = "libc++";
				CLANG_ENABLE_MODULES = YES;
				CLANG_ENABLE_OBJC_ARC = YES;
				CLANG_WARN_BLOCK_CAPTURE_AUTORELEASING = YES;
				CLANG_WARN_BOOL_CONVERSION = YES;
				CLANG_WARN_COMMA = YES;
				CLANG_WARN_CONSTANT_CONVERSION = YES;
				CLANG_WARN_DEPRECATED_OBJC_IMPLEMENTATIONS = YES;
				CLANG_WARN_DIRECT_OBJC_ISA_USAGE = YES_ERROR;
				CLANG_WARN_EMPTY_BODY = YES;
				CLANG_WARN_ENUM_CONVERSION = YES;
				CLANG_WARN_INFINITE_RECURSION = YES;
				CLANG_WARN_INT_CONVERSION = YES;
				CLANG_WARN_NON_LITERAL_NULL_CONVERSION = YES;
				CLANG_WARN_OBJC_IMPLICIT_RETAIN_SELF = YES;
				CLANG_WARN_OBJC_LITERAL_CONVERSION = YES;
				CLANG_WARN_OBJC_ROOT_CLASS = YES_ERROR;
				CLANG_WARN_QUOTED_INCLUDE_IN_FRAMEWORK_HEADER = YES;
				CLANG_WARN_RANGE_LOOP_ANALYSIS = YES;
				CLANG_WARN_STRICT_PROTOTYPES = YES;
				CLANG_WARN_SUSPICIOUS_MOVE = YES;
				CLANG_WARN_UNREACHABLE_CODE = YES;
				CLANG_WARN__DUPLICATE_METHOD_MATCH = YES;
				"CODE_SIGN_IDENTITY[sdk=iphoneos*]" = "iPhone Developer";
				COPY_PHASE_STRIP = YES;
				ENABLE_NS_ASSERTIONS = NO;
				ENABLE_STRICT_OBJC_MSGSEND = YES;
				"EXCLUDED_ARCHS[sdk=iphonesimulator*]" = "";
				GCC_C_LANGUAGE_STANDARD = gnu99;
				GCC_INCREASE_PRECOMPILED_HEADER_SHARING = NO;
				GCC_NO_COMMON_BLOCKS = YES;
				GCC_PREPROCESSOR_DEFINITIONS = "HAVE_GOOGLE_MAPS=1";
				GCC_WARN_64_TO_32_BIT_CONVERSION = YES;
				GCC_WARN_ABOUT_RETURN_TYPE = YES_ERROR;
				GCC_WARN_UNDECLARED_SELECTOR = YES;
				GCC_WARN_UNINITIALIZED_AUTOS = YES_AGGRESSIVE;
				GCC_WARN_UNUSED_FUNCTION = YES;
				GCC_WARN_UNUSED_VARIABLE = YES;
				IPHONEOS_DEPLOYMENT_TARGET = 15.6;
				LD_RUNPATH_SEARCH_PATHS = (
					/usr/lib/swift,
					"$(inherited)",
				);
				LIBRARY_SEARCH_PATHS = (
					"\"$(SDKROOT)/usr/lib/swift\"",
					"\"$(TOOLCHAIN_DIR)/usr/lib/swift/$(PLATFORM_NAME)\"",
					"\"$(inherited)\"",
				);
				MTL_ENABLE_DEBUG_INFO = NO;
				OTHER_CFLAGS = "";
				OTHER_CPLUSPLUSFLAGS = (
					"$(OTHER_CFLAGS)",
					"-DFOLLY_NO_CONFIG",
					"-DFOLLY_MOBILE=1",
					"-DFOLLY_USE_LIBCPP=1",
					"-DFOLLY_CFG_NO_COROUTINES=1",
					"-DFOLLY_HAVE_CLOCK_GETTIME=1",
					"-fcxx-modules",
				);
				OTHER_LDFLAGS = (
					"$(inherited)",
					" ",
				);
				REACT_NATIVE_PATH = "${PODS_ROOT}/../../node_modules/react-native";
				SDKROOT = iphoneos;
				USE_HERMES = true;
				VALIDATE_PRODUCT = YES;
			};
			name = Release;
		};
/* End XCBuildConfiguration section */

/* Begin XCConfigurationList section */
		13B07F931A680F5B00A75B9A /* Build configuration list for PBXNativeTarget "Retyrn" */ = {
			isa = XCConfigurationList;
			buildConfigurations = (
				13B07F941A680F5B00A75B9A /* Debug */,
				13B07F951A680F5B00A75B9A /* Release */,
			);
			defaultConfigurationIsVisible = 0;
			defaultConfigurationName = Release;
		};
		26774EEF2E812E0000F1FC41 /* Build configuration list for PBXNativeTarget "ShareExtension" */ = {
			isa = XCConfigurationList;
			buildConfigurations = (
				26774EF02E812E0000F1FC41 /* Debug */,
				26774EF12E812E0000F1FC41 /* Release */,
			);
			defaultConfigurationIsVisible = 0;
			defaultConfigurationName = Release;
		};
		83CBB9FA1A601CBA00E9B192 /* Build configuration list for PBXProject "Retyrn" */ = {
			isa = XCConfigurationList;
			buildConfigurations = (
				83CBBA201A601CBA00E9B192 /* Debug */,
				83CBBA211A601CBA00E9B192 /* Release */,
			);
			defaultConfigurationIsVisible = 0;
			defaultConfigurationName = Release;
		};
/* End XCConfigurationList section */
	};
	rootObject = 83CBB9F71A601CBA00E9B192 /* Project object */;
}
